// !$*UTF8*$!
{
	archiveVersion = 1;
	classes = {
	};
	objectVersion = 46;
	objects = {

/* Begin PBXBuildFile section */
		27B635BC199BE37A002A09F5 /* Foundation.framework in Frameworks */ = {isa = PBXBuildFile; fileRef = 27B635BB199BE37A002A09F5 /* Foundation.framework */; };
		27B635BE199BE37A002A09F5 /* CoreGraphics.framework in Frameworks */ = {isa = PBXBuildFile; fileRef = 27B635BD199BE37A002A09F5 /* CoreGraphics.framework */; };
		27B635C0199BE37A002A09F5 /* UIKit.framework in Frameworks */ = {isa = PBXBuildFile; fileRef = 27B635BF199BE37A002A09F5 /* UIKit.framework */; };
		27B635C6199BE37A002A09F5 /* InfoPlist.strings in Resources */ = {isa = PBXBuildFile; fileRef = 27B635C4199BE37A002A09F5 /* InfoPlist.strings */; };
		27B635C8199BE37A002A09F5 /* main.m in Sources */ = {isa = PBXBuildFile; fileRef = 27B635C7199BE37A002A09F5 /* main.m */; };
		27B635CC199BE37A002A09F5 /* SIGAppDelegate.m in Sources */ = {isa = PBXBuildFile; fileRef = 27B635CB199BE37A002A09F5 /* SIGAppDelegate.m */; };
		27B635CE199BE37A002A09F5 /* Images.xcassets in Resources */ = {isa = PBXBuildFile; fileRef = 27B635CD199BE37A002A09F5 /* Images.xcassets */; };
		27B635D5199BE37A002A09F5 /* XCTest.framework in Frameworks */ = {isa = PBXBuildFile; fileRef = 27B635D4199BE37A002A09F5 /* XCTest.framework */; };
		27B635D6199BE37A002A09F5 /* Foundation.framework in Frameworks */ = {isa = PBXBuildFile; fileRef = 27B635BB199BE37A002A09F5 /* Foundation.framework */; };
		27B635D7199BE37A002A09F5 /* UIKit.framework in Frameworks */ = {isa = PBXBuildFile; fileRef = 27B635BF199BE37A002A09F5 /* UIKit.framework */; };
		27B635DF199BE37A002A09F5 /* InfoPlist.strings in Resources */ = {isa = PBXBuildFile; fileRef = 27B635DD199BE37A002A09F5 /* InfoPlist.strings */; };
		27B635E1199BE37A002A09F5 /* SignaturesTests.m in Sources */ = {isa = PBXBuildFile; fileRef = 27B635E0199BE37A002A09F5 /* SignaturesTests.m */; };
		27B635ED199BE3CD002A09F5 /* SIGRootViewController.m in Sources */ = {isa = PBXBuildFile; fileRef = 27B635EC199BE3CD002A09F5 /* SIGRootViewController.m */; };
		27B635F0199BE402002A09F5 /* SIGListTableViewController.m in Sources */ = {isa = PBXBuildFile; fileRef = 27B635EF199BE402002A09F5 /* SIGListTableViewController.m */; };
		27B635F3199BE49C002A09F5 /* SIGDrawViewController.m in Sources */ = {isa = PBXBuildFile; fileRef = 27B635F2199BE49C002A09F5 /* SIGDrawViewController.m */; };
		27B635F6199BF69B002A09F5 /* SIGDrawView.m in Sources */ = {isa = PBXBuildFile; fileRef = 27B635F5199BF69B002A09F5 /* SIGDrawView.m */; };
		27B635F9199C0C19002A09F5 /* save.png in Resources */ = {isa = PBXBuildFile; fileRef = 27B635F7199C0C19002A09F5 /* save.png */; };
		27B635FA199C0C19002A09F5 /* cancel.png in Resources */ = {isa = PBXBuildFile; fileRef = 27B635F8199C0C19002A09F5 /* cancel.png */; };
		27B635FC199C0DF9002A09F5 /* brackets-1.png in Resources */ = {isa = PBXBuildFile; fileRef = 27B635FB199C0DF9002A09F5 /* brackets-1.png */; };
/* End PBXBuildFile section */

/* Begin PBXContainerItemProxy section */
		27B635D8199BE37A002A09F5 /* PBXContainerItemProxy */ = {
			isa = PBXContainerItemProxy;
			containerPortal = 27B635B0199BE37A002A09F5 /* Project object */;
			proxyType = 1;
			remoteGlobalIDString = 27B635B7199BE37A002A09F5;
			remoteInfo = Signatures;
		};
/* End PBXContainerItemProxy section */

/* Begin PBXFileReference section */
		27B635B8199BE37A002A09F5 /* Signatures.app */ = {isa = PBXFileReference; explicitFileType = wrapper.application; includeInIndex = 0; path = Signatures.app; sourceTree = BUILT_PRODUCTS_DIR; };
		27B635BB199BE37A002A09F5 /* Foundation.framework */ = {isa = PBXFileReference; lastKnownFileType = wrapper.framework; name = Foundation.framework; path = System/Library/Frameworks/Foundation.framework; sourceTree = SDKROOT; };
		27B635BD199BE37A002A09F5 /* CoreGraphics.framework */ = {isa = PBXFileReference; lastKnownFileType = wrapper.framework; name = CoreGraphics.framework; path = System/Library/Frameworks/CoreGraphics.framework; sourceTree = SDKROOT; };
		27B635BF199BE37A002A09F5 /* UIKit.framework */ = {isa = PBXFileReference; lastKnownFileType = wrapper.framework; name = UIKit.framework; path = System/Library/Frameworks/UIKit.framework; sourceTree = SDKROOT; };
		27B635C3199BE37A002A09F5 /* Signatures-Info.plist */ = {isa = PBXFileReference; lastKnownFileType = text.plist.xml; path = "Signatures-Info.plist"; sourceTree = "<group>"; };
		27B635C5199BE37A002A09F5 /* en */ = {isa = PBXFileReference; lastKnownFileType = text.plist.strings; name = en; path = en.lproj/InfoPlist.strings; sourceTree = "<group>"; };
		27B635C7199BE37A002A09F5 /* main.m */ = {isa = PBXFileReference; lastKnownFileType = sourcecode.c.objc; path = main.m; sourceTree = "<group>"; };
		27B635C9199BE37A002A09F5 /* Signatures-Prefix.pch */ = {isa = PBXFileReference; lastKnownFileType = sourcecode.c.h; path = "Signatures-Prefix.pch"; sourceTree = "<group>"; };
		27B635CA199BE37A002A09F5 /* SIGAppDelegate.h */ = {isa = PBXFileReference; lastKnownFileType = sourcecode.c.h; path = SIGAppDelegate.h; sourceTree = "<group>"; };
		27B635CB199BE37A002A09F5 /* SIGAppDelegate.m */ = {isa = PBXFileReference; lastKnownFileType = sourcecode.c.objc; path = SIGAppDelegate.m; sourceTree = "<group>"; };
		27B635CD199BE37A002A09F5 /* Images.xcassets */ = {isa = PBXFileReference; lastKnownFileType = folder.assetcatalog; path = Images.xcassets; sourceTree = "<group>"; };
		27B635D3199BE37A002A09F5 /* SignaturesTests.xctest */ = {isa = PBXFileReference; explicitFileType = wrapper.cfbundle; includeInIndex = 0; path = SignaturesTests.xctest; sourceTree = BUILT_PRODUCTS_DIR; };
		27B635D4199BE37A002A09F5 /* XCTest.framework */ = {isa = PBXFileReference; lastKnownFileType = wrapper.framework; name = XCTest.framework; path = Library/Frameworks/XCTest.framework; sourceTree = DEVELOPER_DIR; };
		27B635DC199BE37A002A09F5 /* SignaturesTests-Info.plist */ = {isa = PBXFileReference; lastKnownFileType = text.plist.xml; path = "SignaturesTests-Info.plist"; sourceTree = "<group>"; };
		27B635DE199BE37A002A09F5 /* en */ = {isa = PBXFileReference; lastKnownFileType = text.plist.strings; name = en; path = en.lproj/InfoPlist.strings; sourceTree = "<group>"; };
		27B635E0199BE37A002A09F5 /* SignaturesTests.m */ = {isa = PBXFileReference; lastKnownFileType = sourcecode.c.objc; path = SignaturesTests.m; sourceTree = "<group>"; };
		27B635EB199BE3CD002A09F5 /* SIGRootViewController.h */ = {isa = PBXFileReference; fileEncoding = 4; lastKnownFileType = sourcecode.c.h; path = SIGRootViewController.h; sourceTree = "<group>"; };
		27B635EC199BE3CD002A09F5 /* SIGRootViewController.m */ = {isa = PBXFileReference; fileEncoding = 4; lastKnownFileType = sourcecode.c.objc; path = SIGRootViewController.m; sourceTree = "<group>"; };
		27B635EE199BE402002A09F5 /* SIGListTableViewController.h */ = {isa = PBXFileReference; fileEncoding = 4; lastKnownFileType = sourcecode.c.h; path = SIGListTableViewController.h; sourceTree = "<group>"; };
		27B635EF199BE402002A09F5 /* SIGListTableViewController.m */ = {isa = PBXFileReference; fileEncoding = 4; lastKnownFileType = sourcecode.c.objc; path = SIGListTableViewController.m; sourceTree = "<group>"; };
		27B635F1199BE49C002A09F5 /* SIGDrawViewController.h */ = {isa = PBXFileReference; fileEncoding = 4; lastKnownFileType = sourcecode.c.h; path = SIGDrawViewController.h; sourceTree = "<group>"; };
		27B635F2199BE49C002A09F5 /* SIGDrawViewController.m */ = {isa = PBXFileReference; fileEncoding = 4; lastKnownFileType = sourcecode.c.objc; path = SIGDrawViewController.m; sourceTree = "<group>"; };
		27B635F4199BF69B002A09F5 /* SIGDrawView.h */ = {isa = PBXFileReference; fileEncoding = 4; lastKnownFileType = sourcecode.c.h; path = SIGDrawView.h; sourceTree = "<group>"; };
		27B635F5199BF69B002A09F5 /* SIGDrawView.m */ = {isa = PBXFileReference; fileEncoding = 4; lastKnownFileType = sourcecode.c.objc; path = SIGDrawView.m; sourceTree = "<group>"; };
		27B635F7199C0C19002A09F5 /* save.png */ = {isa = PBXFileReference; lastKnownFileType = image.png; path = save.png; sourceTree = "<group>"; };
		27B635F8199C0C19002A09F5 /* cancel.png */ = {isa = PBXFileReference; lastKnownFileType = image.png; path = cancel.png; sourceTree = "<group>"; };
		27B635FB199C0DF9002A09F5 /* brackets-1.png */ = {isa = PBXFileReference; lastKnownFileType = image.png; path = "brackets-1.png"; sourceTree = "<group>"; };
/* End PBXFileReference section */

/* Begin PBXFrameworksBuildPhase section */
		27B635B5199BE37A002A09F5 /* Frameworks */ = {
			isa = PBXFrameworksBuildPhase;
			buildActionMask = 2147483647;
			files = (
				27B635BE199BE37A002A09F5 /* CoreGraphics.framework in Frameworks */,
				27B635C0199BE37A002A09F5 /* UIKit.framework in Frameworks */,
				27B635BC199BE37A002A09F5 /* Foundation.framework in Frameworks */,
			);
			runOnlyForDeploymentPostprocessing = 0;
		};
		27B635D0199BE37A002A09F5 /* Frameworks */ = {
			isa = PBXFrameworksBuildPhase;
			buildActionMask = 2147483647;
			files = (
				27B635D5199BE37A002A09F5 /* XCTest.framework in Frameworks */,
				27B635D7199BE37A002A09F5 /* UIKit.framework in Frameworks */,
				27B635D6199BE37A002A09F5 /* Foundation.framework in Frameworks */,
			);
			runOnlyForDeploymentPostprocessing = 0;
		};
/* End PBXFrameworksBuildPhase section */

/* Begin PBXGroup section */
		27B635AF199BE37A002A09F5 = {
			isa = PBXGroup;
			children = (
				27B635F7199C0C19002A09F5 /* save.png */,
				27B635FB199C0DF9002A09F5 /* brackets-1.png */,
				27B635F8199C0C19002A09F5 /* cancel.png */,
				27B635F4199BF69B002A09F5 /* SIGDrawView.h */,
				27B635F5199BF69B002A09F5 /* SIGDrawView.m */,
				27B635EA199BE38C002A09F5 /* Controllers */,
				27B635C1199BE37A002A09F5 /* Signatures */,
				27B635DA199BE37A002A09F5 /* SignaturesTests */,
				27B635BA199BE37A002A09F5 /* Frameworks */,
				27B635B9199BE37A002A09F5 /* Products */,
			);
			sourceTree = "<group>";
		};
		27B635B9199BE37A002A09F5 /* Products */ = {
			isa = PBXGroup;
			children = (
				27B635B8199BE37A002A09F5 /* Signatures.app */,
				27B635D3199BE37A002A09F5 /* SignaturesTests.xctest */,
			);
			name = Products;
			sourceTree = "<group>";
		};
		27B635BA199BE37A002A09F5 /* Frameworks */ = {
			isa = PBXGroup;
			children = (
				27B635BB199BE37A002A09F5 /* Foundation.framework */,
				27B635BD199BE37A002A09F5 /* CoreGraphics.framework */,
				27B635BF199BE37A002A09F5 /* UIKit.framework */,
				27B635D4199BE37A002A09F5 /* XCTest.framework */,
			);
			name = Frameworks;
			sourceTree = "<group>";
		};
		27B635C1199BE37A002A09F5 /* Signatures */ = {
			isa = PBXGroup;
			children = (
				27B635CA199BE37A002A09F5 /* SIGAppDelegate.h */,
				27B635CB199BE37A002A09F5 /* SIGAppDelegate.m */,
				27B635CD199BE37A002A09F5 /* Images.xcassets */,
				27B635C2199BE37A002A09F5 /* Supporting Files */,
			);
			path = Signatures;
			sourceTree = "<group>";
		};
		27B635C2199BE37A002A09F5 /* Supporting Files */ = {
			isa = PBXGroup;
			children = (
				27B635C3199BE37A002A09F5 /* Signatures-Info.plist */,
				27B635C4199BE37A002A09F5 /* InfoPlist.strings */,
				27B635C7199BE37A002A09F5 /* main.m */,
				27B635C9199BE37A002A09F5 /* Signatures-Prefix.pch */,
			);
			name = "Supporting Files";
			sourceTree = "<group>";
		};
		27B635DA199BE37A002A09F5 /* SignaturesTests */ = {
			isa = PBXGroup;
			children = (
				27B635E0199BE37A002A09F5 /* SignaturesTests.m */,
				27B635DB199BE37A002A09F5 /* Supporting Files */,
			);
			path = SignaturesTests;
			sourceTree = "<group>";
		};
		27B635DB199BE37A002A09F5 /* Supporting Files */ = {
			isa = PBXGroup;
			children = (
				27B635DC199BE37A002A09F5 /* SignaturesTests-Info.plist */,
				27B635DD199BE37A002A09F5 /* InfoPlist.strings */,
			);
			name = "Supporting Files";
			sourceTree = "<group>";
		};
		27B635EA199BE38C002A09F5 /* Controllers */ = {
			isa = PBXGroup;
			children = (
				27B635EB199BE3CD002A09F5 /* SIGRootViewController.h */,
				27B635EC199BE3CD002A09F5 /* SIGRootViewController.m */,
				27B635EE199BE402002A09F5 /* SIGListTableViewController.h */,
				27B635EF199BE402002A09F5 /* SIGListTableViewController.m */,
				27B635F1199BE49C002A09F5 /* SIGDrawViewController.h */,
				27B635F2199BE49C002A09F5 /* SIGDrawViewController.m */,
			);
			name = Controllers;
			sourceTree = "<group>";
		};
/* End PBXGroup section */

/* Begin PBXNativeTarget section */
		27B635B7199BE37A002A09F5 /* Signatures */ = {
			isa = PBXNativeTarget;
			buildConfigurationList = 27B635E4199BE37A002A09F5 /* Build configuration list for PBXNativeTarget "Signatures" */;
			buildPhases = (
				27B635B4199BE37A002A09F5 /* Sources */,
				27B635B5199BE37A002A09F5 /* Frameworks */,
				27B635B6199BE37A002A09F5 /* Resources */,
			);
			buildRules = (
			);
			dependencies = (
			);
			name = Signatures;
			productName = Signatures;
			productReference = 27B635B8199BE37A002A09F5 /* Signatures.app */;
			productType = "com.apple.product-type.application";
		};
		27B635D2199BE37A002A09F5 /* SignaturesTests */ = {
			isa = PBXNativeTarget;
			buildConfigurationList = 27B635E7199BE37A002A09F5 /* Build configuration list for PBXNativeTarget "SignaturesTests" */;
			buildPhases = (
				27B635CF199BE37A002A09F5 /* Sources */,
				27B635D0199BE37A002A09F5 /* Frameworks */,
				27B635D1199BE37A002A09F5 /* Resources */,
			);
			buildRules = (
			);
			dependencies = (
				27B635D9199BE37A002A09F5 /* PBXTargetDependency */,
			);
			name = SignaturesTests;
			productName = SignaturesTests;
			productReference = 27B635D3199BE37A002A09F5 /* SignaturesTests.xctest */;
			productType = "com.apple.product-type.bundle.unit-test";
		};
/* End PBXNativeTarget section */

/* Begin PBXProject section */
		27B635B0199BE37A002A09F5 /* Project object */ = {
			isa = PBXProject;
			attributes = {
				CLASSPREFIX = SIG;
				LastUpgradeCheck = 0510;
				ORGANIZATIONNAME = "Katlyn Schwaebe";
				TargetAttributes = {
					27B635D2199BE37A002A09F5 = {
						TestTargetID = 27B635B7199BE37A002A09F5;
					};
				};
			};
			buildConfigurationList = 27B635B3199BE37A002A09F5 /* Build configuration list for PBXProject "Signatures" */;
			compatibilityVersion = "Xcode 3.2";
			developmentRegion = English;
			hasScannedForEncodings = 0;
			knownRegions = (
				en,
			);
			mainGroup = 27B635AF199BE37A002A09F5;
			productRefGroup = 27B635B9199BE37A002A09F5 /* Products */;
			projectDirPath = "";
			projectRoot = "";
			targets = (
				27B635B7199BE37A002A09F5 /* Signatures */,
				27B635D2199BE37A002A09F5 /* SignaturesTests */,
			);
		};
/* End PBXProject section */

/* Begin PBXResourcesBuildPhase section */
		27B635B6199BE37A002A09F5 /* Resources */ = {
			isa = PBXResourcesBuildPhase;
			buildActionMask = 2147483647;
			files = (
				27B635C6199BE37A002A09F5 /* InfoPlist.strings in Resources */,
				27B635FC199C0DF9002A09F5 /* brackets-1.png in Resources */,
				27B635CE199BE37A002A09F5 /* Images.xcassets in Resources */,
				27B635F9199C0C19002A09F5 /* save.png in Resources */,
				27B635FA199C0C19002A09F5 /* cancel.png in Resources */,
			);
			runOnlyForDeploymentPostprocessing = 0;
		};
		27B635D1199BE37A002A09F5 /* Resources */ = {
			isa = PBXResourcesBuildPhase;
			buildActionMask = 2147483647;
			files = (
				27B635DF199BE37A002A09F5 /* InfoPlist.strings in Resources */,
			);
			runOnlyForDeploymentPostprocessing = 0;
		};
/* End PBXResourcesBuildPhase section */

/* Begin PBXSourcesBuildPhase section */
		27B635B4199BE37A002A09F5 /* Sources */ = {
			isa = PBXSourcesBuildPhase;
			buildActionMask = 2147483647;
			files = (
				27B635CC199BE37A002A09F5 /* SIGAppDelegate.m in Sources */,
				27B635F0199BE402002A09F5 /* SIGListTableViewController.m in Sources */,
				27B635F3199BE49C002A09F5 /* SIGDrawViewController.m in Sources */,
				27B635ED199BE3CD002A09F5 /* SIGRootViewController.m in Sources */,
				27B635F6199BF69B002A09F5 /* SIGDrawView.m in Sources */,
				27B635C8199BE37A002A09F5 /* main.m in Sources */,
			);
			runOnlyForDeploymentPostprocessing = 0;
		};
		27B635CF199BE37A002A09F5 /* Sources */ = {
			isa = PBXSourcesBuildPhase;
			buildActionMask = 2147483647;
			files = (
				27B635E1199BE37A002A09F5 /* SignaturesTests.m in Sources */,
			);
			runOnlyForDeploymentPostprocessing = 0;
		};
/* End PBXSourcesBuildPhase section */

/* Begin PBXTargetDependency section */
		27B635D9199BE37A002A09F5 /* PBXTargetDependency */ = {
			isa = PBXTargetDependency;
			target = 27B635B7199BE37A002A09F5 /* Signatures */;
			targetProxy = 27B635D8199BE37A002A09F5 /* PBXContainerItemProxy */;
		};
/* End PBXTargetDependency section */

/* Begin PBXVariantGroup section */
		27B635C4199BE37A002A09F5 /* InfoPlist.strings */ = {
			isa = PBXVariantGroup;
			children = (
				27B635C5199BE37A002A09F5 /* en */,
			);
			name = InfoPlist.strings;
			sourceTree = "<group>";
		};
		27B635DD199BE37A002A09F5 /* InfoPlist.strings */ = {
			isa = PBXVariantGroup;
			children = (
				27B635DE199BE37A002A09F5 /* en */,
			);
			name = InfoPlist.strings;
			sourceTree = "<group>";
		};
/* End PBXVariantGroup section */

/* Begin XCBuildConfiguration section */
		27B635E2199BE37A002A09F5 /* Debug */ = {
			isa = XCBuildConfiguration;
			buildSettings = {
				ALWAYS_SEARCH_USER_PATHS = NO;
				CLANG_CXX_LANGUAGE_STANDARD = "gnu++0x";
				CLANG_CXX_LIBRARY = "libc++";
				CLANG_ENABLE_MODULES = YES;
				CLANG_ENABLE_OBJC_ARC = YES;
				CLANG_WARN_BOOL_CONVERSION = YES;
				CLANG_WARN_CONSTANT_CONVERSION = YES;
				CLANG_WARN_DIRECT_OBJC_ISA_USAGE = YES_ERROR;
				CLANG_WARN_EMPTY_BODY = YES;
				CLANG_WARN_ENUM_CONVERSION = YES;
				CLANG_WARN_INT_CONVERSION = YES;
				CLANG_WARN_OBJC_ROOT_CLASS = YES_ERROR;
				CLANG_WARN__DUPLICATE_METHOD_MATCH = YES;
				"CODE_SIGN_IDENTITY[sdk=iphoneos*]" = "iPhone Developer";
				COPY_PHASE_STRIP = NO;
				GCC_C_LANGUAGE_STANDARD = gnu99;
				GCC_DYNAMIC_NO_PIC = NO;
				GCC_OPTIMIZATION_LEVEL = 0;
				GCC_PREPROCESSOR_DEFINITIONS = (
					"DEBUG=1",
					"$(inherited)",
				);
				GCC_SYMBOLS_PRIVATE_EXTERN = NO;
				GCC_WARN_64_TO_32_BIT_CONVERSION = YES;
				GCC_WARN_ABOUT_RETURN_TYPE = YES_ERROR;
				GCC_WARN_UNDECLARED_SELECTOR = YES;
				GCC_WARN_UNINITIALIZED_AUTOS = YES_AGGRESSIVE;
				GCC_WARN_UNUSED_FUNCTION = YES;
				GCC_WARN_UNUSED_VARIABLE = YES;
				IPHONEOS_DEPLOYMENT_TARGET = 7.1;
				ONLY_ACTIVE_ARCH = YES;
				SDKROOT = iphoneos;
			};
			name = Debug;
		};
		27B635E3199BE37A002A09F5 /* Release */ = {
			isa = XCBuildConfiguration;
			buildSettings = {
				ALWAYS_SEARCH_USER_PATHS = NO;
				CLANG_CXX_LANGUAGE_STANDARD = "gnu++0x";
				CLANG_CXX_LIBRARY = "libc++";
				CLANG_ENABLE_MODULES = YES;
				CLANG_ENABLE_OBJC_ARC = YES;
				CLANG_WARN_BOOL_CONVERSION = YES;
				CLANG_WARN_CONSTANT_CONVERSION = YES;
				CLANG_WARN_DIRECT_OBJC_ISA_USAGE = YES_ERROR;
				CLANG_WARN_EMPTY_BODY = YES;
				CLANG_WARN_ENUM_CONVERSION = YES;
				CLANG_WARN_INT_CONVERSION = YES;
				CLANG_WARN_OBJC_ROOT_CLASS = YES_ERROR;
				CLANG_WARN__DUPLICATE_METHOD_MATCH = YES;
				"CODE_SIGN_IDENTITY[sdk=iphoneos*]" = "iPhone Developer";
				COPY_PHASE_STRIP = YES;
				ENABLE_NS_ASSERTIONS = NO;
				GCC_C_LANGUAGE_STANDARD = gnu99;
				GCC_WARN_64_TO_32_BIT_CONVERSION = YES;
				GCC_WARN_ABOUT_RETURN_TYPE = YES_ERROR;
				GCC_WARN_UNDECLARED_SELECTOR = YES;
				GCC_WARN_UNINITIALIZED_AUTOS = YES_AGGRESSIVE;
				GCC_WARN_UNUSED_FUNCTION = YES;
				GCC_WARN_UNUSED_VARIABLE = YES;
				IPHONEOS_DEPLOYMENT_TARGET = 7.1;
				SDKROOT = iphoneos;
				VALIDATE_PRODUCT = YES;
			};
			name = Release;
		};
		27B635E5199BE37A002A09F5 /* Debug */ = {
			isa = XCBuildConfiguration;
			buildSettings = {
				ASSETCATALOG_COMPILER_APPICON_NAME = AppIcon;
				ASSETCATALOG_COMPILER_LAUNCHIMAGE_NAME = LaunchImage;
				GCC_PRECOMPILE_PREFIX_HEADER = YES;
				GCC_PREFIX_HEADER = "Signatures/Signatures-Prefix.pch";
				INFOPLIST_FILE = "Signatures/Signatures-Info.plist";
				PRODUCT_NAME = "$(TARGET_NAME)";
				WRAPPER_EXTENSION = app;
			};
			name = Debug;
		};
		27B635E6199BE37A002A09F5 /* Release */ = {
			isa = XCBuildConfiguration;
			buildSettings = {
				ASSETCATALOG_COMPILER_APPICON_NAME = AppIcon;
				ASSETCATALOG_COMPILER_LAUNCHIMAGE_NAME = LaunchImage;
				GCC_PRECOMPILE_PREFIX_HEADER = YES;
				GCC_PREFIX_HEADER = "Signatures/Signatures-Prefix.pch";
				INFOPLIST_FILE = "Signatures/Signatures-Info.plist";
				PRODUCT_NAME = "$(TARGET_NAME)";
				WRAPPER_EXTENSION = app;
			};
			name = Release;
		};
		27B635E8199BE37A002A09F5 /* Debug */ = {
			isa = XCBuildConfiguration;
			buildSettings = {
				BUNDLE_LOADER = "$(BUILT_PRODUCTS_DIR)/Signatures.app/Signatures";
				FRAMEWORK_SEARCH_PATHS = (
					"$(SDKROOT)/Developer/Library/Frameworks",
					"$(inherited)",
					"$(DEVELOPER_FRAMEWORKS_DIR)",
				);
				GCC_PRECOMPILE_PREFIX_HEADER = YES;
				GCC_PREFIX_HEADER = "Signatures/Signatures-Prefix.pch";
				GCC_PREPROCESSOR_DEFINITIONS = (
					"DEBUG=1",
					"$(inherited)",
				);
				INFOPLIST_FILE = "SignaturesTests/SignaturesTests-Info.plist";
				PRODUCT_NAME = "$(TARGET_NAME)";
				TEST_HOST = "$(BUNDLE_LOADER)";
				WRAPPER_EXTENSION = xctest;
			};
			name = Debug;
		};
		27B635E9199BE37A002A09F5 /* Release */ = {
			isa = XCBuildConfiguration;
			buildSettings = {
				BUNDLE_LOADER = "$(BUILT_PRODUCTS_DIR)/Signatures.app/Signatures";
				FRAMEWORK_SEARCH_PATHS = (
					"$(SDKROOT)/Developer/Library/Frameworks",
					"$(inherited)",
					"$(DEVELOPER_FRAMEWORKS_DIR)",
				);
				GCC_PRECOMPILE_PREFIX_HEADER = YES;
				GCC_PREFIX_HEADER = "Signatures/Signatures-Prefix.pch";
				INFOPLIST_FILE = "SignaturesTests/SignaturesTests-Info.plist";
				PRODUCT_NAME = "$(TARGET_NAME)";
				TEST_HOST = "$(BUNDLE_LOADER)";
				WRAPPER_EXTENSION = xctest;
			};
			name = Release;
		};
/* End XCBuildConfiguration section */

/* Begin XCConfigurationList section */
		27B635B3199BE37A002A09F5 /* Build configuration list for PBXProject "Signatures" */ = {
			isa = XCConfigurationList;
			buildConfigurations = (
				27B635E2199BE37A002A09F5 /* Debug */,
				27B635E3199BE37A002A09F5 /* Release */,
			);
			defaultConfigurationIsVisible = 0;
			defaultConfigurationName = Release;
		};
		27B635E4199BE37A002A09F5 /* Build configuration list for PBXNativeTarget "Signatures" */ = {
			isa = XCConfigurationList;
			buildConfigurations = (
				27B635E5199BE37A002A09F5 /* Debug */,
				27B635E6199BE37A002A09F5 /* Release */,
			);
			defaultConfigurationIsVisible = 0;
		};
		27B635E7199BE37A002A09F5 /* Build configuration list for PBXNativeTarget "SignaturesTests" */ = {
			isa = XCConfigurationList;
			buildConfigurations = (
				27B635E8199BE37A002A09F5 /* Debug */,
				27B635E9199BE37A002A09F5 /* Release */,
			);
			defaultConfigurationIsVisible = 0;
		};
/* End XCConfigurationList section */
	};
	rootObject = 27B635B0199BE37A002A09F5 /* Project object */;
}
