// !$*UTF8*$!
{
	archiveVersion = 1;
	classes = {
	};
	objectVersion = 46;
	objects = {

/* Begin PBXBuildFile section */
		27F384AC197FFAE900A71A1F /* Foundation.framework in Frameworks */ = {isa = PBXBuildFile; fileRef = 27F384AB197FFAE900A71A1F /* Foundation.framework */; };
		27F384AE197FFAE900A71A1F /* CoreGraphics.framework in Frameworks */ = {isa = PBXBuildFile; fileRef = 27F384AD197FFAE900A71A1F /* CoreGraphics.framework */; };
		27F384B0197FFAE900A71A1F /* UIKit.framework in Frameworks */ = {isa = PBXBuildFile; fileRef = 27F384AF197FFAE900A71A1F /* UIKit.framework */; };
		27F384B6197FFAE900A71A1F /* InfoPlist.strings in Resources */ = {isa = PBXBuildFile; fileRef = 27F384B4197FFAE900A71A1F /* InfoPlist.strings */; };
		27F384B8197FFAE900A71A1F /* main.m in Sources */ = {isa = PBXBuildFile; fileRef = 27F384B7197FFAE900A71A1F /* main.m */; };
		27F384BC197FFAE900A71A1F /* MFLAppDelegate.m in Sources */ = {isa = PBXBuildFile; fileRef = 27F384BB197FFAE900A71A1F /* MFLAppDelegate.m */; };
		27F384BE197FFAE900A71A1F /* Images.xcassets in Resources */ = {isa = PBXBuildFile; fileRef = 27F384BD197FFAE900A71A1F /* Images.xcassets */; };
		27F384C5197FFAE900A71A1F /* XCTest.framework in Frameworks */ = {isa = PBXBuildFile; fileRef = 27F384C4197FFAE900A71A1F /* XCTest.framework */; };
		27F384C6197FFAE900A71A1F /* Foundation.framework in Frameworks */ = {isa = PBXBuildFile; fileRef = 27F384AB197FFAE900A71A1F /* Foundation.framework */; };
		27F384C7197FFAE900A71A1F /* UIKit.framework in Frameworks */ = {isa = PBXBuildFile; fileRef = 27F384AF197FFAE900A71A1F /* UIKit.framework */; };
		27F384CF197FFAE900A71A1F /* InfoPlist.strings in Resources */ = {isa = PBXBuildFile; fileRef = 27F384CD197FFAE900A71A1F /* InfoPlist.strings */; };
		27F384D1197FFAE900A71A1F /* List_AppTests.m in Sources */ = {isa = PBXBuildFile; fileRef = 27F384D0197FFAE900A71A1F /* List_AppTests.m */; };
		27F384DD198005FF00A71A1F /* MFLTableViewController.m in Sources */ = {isa = PBXBuildFile; fileRef = 27F384DC198005FF00A71A1F /* MFLTableViewController.m */; };
/* End PBXBuildFile section */

/* Begin PBXContainerItemProxy section */
		27F384C8197FFAE900A71A1F /* PBXContainerItemProxy */ = {
			isa = PBXContainerItemProxy;
			containerPortal = 27F384A0197FFAE900A71A1F /* Project object */;
			proxyType = 1;
			remoteGlobalIDString = 27F384A7197FFAE900A71A1F;
			remoteInfo = "List App";
		};
/* End PBXContainerItemProxy section */

/* Begin PBXFileReference section */
		27F384A8197FFAE900A71A1F /* List App.app */ = {isa = PBXFileReference; explicitFileType = wrapper.application; includeInIndex = 0; path = "List App.app"; sourceTree = BUILT_PRODUCTS_DIR; };
		27F384AB197FFAE900A71A1F /* Foundation.framework */ = {isa = PBXFileReference; lastKnownFileType = wrapper.framework; name = Foundation.framework; path = System/Library/Frameworks/Foundation.framework; sourceTree = SDKROOT; };
		27F384AD197FFAE900A71A1F /* CoreGraphics.framework */ = {isa = PBXFileReference; lastKnownFileType = wrapper.framework; name = CoreGraphics.framework; path = System/Library/Frameworks/CoreGraphics.framework; sourceTree = SDKROOT; };
		27F384AF197FFAE900A71A1F /* UIKit.framework */ = {isa = PBXFileReference; lastKnownFileType = wrapper.framework; name = UIKit.framework; path = System/Library/Frameworks/UIKit.framework; sourceTree = SDKROOT; };
		27F384B3197FFAE900A71A1F /* List App-Info.plist */ = {isa = PBXFileReference; lastKnownFileType = text.plist.xml; path = "List App-Info.plist"; sourceTree = "<group>"; };
		27F384B5197FFAE900A71A1F /* en */ = {isa = PBXFileReference; lastKnownFileType = text.plist.strings; name = en; path = en.lproj/InfoPlist.strings; sourceTree = "<group>"; };
		27F384B7197FFAE900A71A1F /* main.m */ = {isa = PBXFileReference; lastKnownFileType = sourcecode.c.objc; path = main.m; sourceTree = "<group>"; };
		27F384B9197FFAE900A71A1F /* List App-Prefix.pch */ = {isa = PBXFileReference; lastKnownFileType = sourcecode.c.h; path = "List App-Prefix.pch"; sourceTree = "<group>"; };
		27F384BA197FFAE900A71A1F /* MFLAppDelegate.h */ = {isa = PBXFileReference; lastKnownFileType = sourcecode.c.h; path = MFLAppDelegate.h; sourceTree = "<group>"; };
		27F384BB197FFAE900A71A1F /* MFLAppDelegate.m */ = {isa = PBXFileReference; lastKnownFileType = sourcecode.c.objc; path = MFLAppDelegate.m; sourceTree = "<group>"; };
		27F384BD197FFAE900A71A1F /* Images.xcassets */ = {isa = PBXFileReference; lastKnownFileType = folder.assetcatalog; path = Images.xcassets; sourceTree = "<group>"; };
		27F384C3197FFAE900A71A1F /* List AppTests.xctest */ = {isa = PBXFileReference; explicitFileType = wrapper.cfbundle; includeInIndex = 0; path = "List AppTests.xctest"; sourceTree = BUILT_PRODUCTS_DIR; };
		27F384C4197FFAE900A71A1F /* XCTest.framework */ = {isa = PBXFileReference; lastKnownFileType = wrapper.framework; name = XCTest.framework; path = Library/Frameworks/XCTest.framework; sourceTree = DEVELOPER_DIR; };
		27F384CC197FFAE900A71A1F /* List AppTests-Info.plist */ = {isa = PBXFileReference; lastKnownFileType = text.plist.xml; path = "List AppTests-Info.plist"; sourceTree = "<group>"; };
		27F384CE197FFAE900A71A1F /* en */ = {isa = PBXFileReference; lastKnownFileType = text.plist.strings; name = en; path = en.lproj/InfoPlist.strings; sourceTree = "<group>"; };
		27F384D0197FFAE900A71A1F /* List_AppTests.m */ = {isa = PBXFileReference; lastKnownFileType = sourcecode.c.objc; path = List_AppTests.m; sourceTree = "<group>"; };
		27F384DB198005FF00A71A1F /* MFLTableViewController.h */ = {isa = PBXFileReference; fileEncoding = 4; lastKnownFileType = sourcecode.c.h; path = MFLTableViewController.h; sourceTree = "<group>"; };
		27F384DC198005FF00A71A1F /* MFLTableViewController.m */ = {isa = PBXFileReference; fileEncoding = 4; lastKnownFileType = sourcecode.c.objc; path = MFLTableViewController.m; sourceTree = "<group>"; };
/* End PBXFileReference section */

/* Begin PBXFrameworksBuildPhase section */
		27F384A5197FFAE900A71A1F /* Frameworks */ = {
			isa = PBXFrameworksBuildPhase;
			buildActionMask = 2147483647;
			files = (
				27F384AE197FFAE900A71A1F /* CoreGraphics.framework in Frameworks */,
				27F384B0197FFAE900A71A1F /* UIKit.framework in Frameworks */,
				27F384AC197FFAE900A71A1F /* Foundation.framework in Frameworks */,
			);
			runOnlyForDeploymentPostprocessing = 0;
		};
		27F384C0197FFAE900A71A1F /* Frameworks */ = {
			isa = PBXFrameworksBuildPhase;
			buildActionMask = 2147483647;
			files = (
				27F384C5197FFAE900A71A1F /* XCTest.framework in Frameworks */,
				27F384C7197FFAE900A71A1F /* UIKit.framework in Frameworks */,
				27F384C6197FFAE900A71A1F /* Foundation.framework in Frameworks */,
			);
			runOnlyForDeploymentPostprocessing = 0;
		};
/* End PBXFrameworksBuildPhase section */

/* Begin PBXGroup section */
		27F3849F197FFAE900A71A1F = {
			isa = PBXGroup;
			children = (
				27F384DA1980058200A71A1F /* Controllers */,
				27F384B1197FFAE900A71A1F /* List App */,
				27F384CA197FFAE900A71A1F /* List AppTests */,
				27F384AA197FFAE900A71A1F /* Frameworks */,
				27F384A9197FFAE900A71A1F /* Products */,
			);
			sourceTree = "<group>";
		};
		27F384A9197FFAE900A71A1F /* Products */ = {
			isa = PBXGroup;
			children = (
				27F384A8197FFAE900A71A1F /* List App.app */,
				27F384C3197FFAE900A71A1F /* List AppTests.xctest */,
			);
			name = Products;
			sourceTree = "<group>";
		};
		27F384AA197FFAE900A71A1F /* Frameworks */ = {
			isa = PBXGroup;
			children = (
				27F384AB197FFAE900A71A1F /* Foundation.framework */,
				27F384AD197FFAE900A71A1F /* CoreGraphics.framework */,
				27F384AF197FFAE900A71A1F /* UIKit.framework */,
				27F384C4197FFAE900A71A1F /* XCTest.framework */,
			);
			name = Frameworks;
			sourceTree = "<group>";
		};
		27F384B1197FFAE900A71A1F /* List App */ = {
			isa = PBXGroup;
			children = (
				27F384BA197FFAE900A71A1F /* MFLAppDelegate.h */,
				27F384BB197FFAE900A71A1F /* MFLAppDelegate.m */,
				27F384BD197FFAE900A71A1F /* Images.xcassets */,
				27F384B2197FFAE900A71A1F /* Supporting Files */,
			);
			path = "List App";
			sourceTree = "<group>";
		};
		27F384B2197FFAE900A71A1F /* Supporting Files */ = {
			isa = PBXGroup;
			children = (
				27F384B3197FFAE900A71A1F /* List App-Info.plist */,
				27F384B4197FFAE900A71A1F /* InfoPlist.strings */,
				27F384B7197FFAE900A71A1F /* main.m */,
				27F384B9197FFAE900A71A1F /* List App-Prefix.pch */,
			);
			name = "Supporting Files";
			sourceTree = "<group>";
		};
		27F384CA197FFAE900A71A1F /* List AppTests */ = {
			isa = PBXGroup;
			children = (
				27F384D0197FFAE900A71A1F /* List_AppTests.m */,
				27F384CB197FFAE900A71A1F /* Supporting Files */,
			);
			path = "List AppTests";
			sourceTree = "<group>";
		};
		27F384CB197FFAE900A71A1F /* Supporting Files */ = {
			isa = PBXGroup;
			children = (
				27F384CC197FFAE900A71A1F /* List AppTests-Info.plist */,
				27F384CD197FFAE900A71A1F /* InfoPlist.strings */,
			);
			name = "Supporting Files";
			sourceTree = "<group>";
		};
		27F384DA1980058200A71A1F /* Controllers */ = {
			isa = PBXGroup;
			children = (
				27F384DB198005FF00A71A1F /* MFLTableViewController.h */,
				27F384DC198005FF00A71A1F /* MFLTableViewController.m */,
			);
			name = Controllers;
			sourceTree = "<group>";
		};
/* End PBXGroup section */

/* Begin PBXNativeTarget section */
		27F384A7197FFAE900A71A1F /* List App */ = {
			isa = PBXNativeTarget;
			buildConfigurationList = 27F384D4197FFAE900A71A1F /* Build configuration list for PBXNativeTarget "List App" */;
			buildPhases = (
				27F384A4197FFAE900A71A1F /* Sources */,
				27F384A5197FFAE900A71A1F /* Frameworks */,
				27F384A6197FFAE900A71A1F /* Resources */,
			);
			buildRules = (
			);
			dependencies = (
			);
			name = "List App";
			productName = "List App";
			productReference = 27F384A8197FFAE900A71A1F /* List App.app */;
			productType = "com.apple.product-type.application";
		};
		27F384C2197FFAE900A71A1F /* List AppTests */ = {
			isa = PBXNativeTarget;
			buildConfigurationList = 27F384D7197FFAE900A71A1F /* Build configuration list for PBXNativeTarget "List AppTests" */;
			buildPhases = (
				27F384BF197FFAE900A71A1F /* Sources */,
				27F384C0197FFAE900A71A1F /* Frameworks */,
				27F384C1197FFAE900A71A1F /* Resources */,
			);
			buildRules = (
			);
			dependencies = (
				27F384C9197FFAE900A71A1F /* PBXTargetDependency */,
			);
			name = "List AppTests";
			productName = "List AppTests";
			productReference = 27F384C3197FFAE900A71A1F /* List AppTests.xctest */;
			productType = "com.apple.product-type.bundle.unit-test";
		};
/* End PBXNativeTarget section */

/* Begin PBXProject section */
		27F384A0197FFAE900A71A1F /* Project object */ = {
			isa = PBXProject;
			attributes = {
				CLASSPREFIX = MFL;
				LastUpgradeCheck = 0510;
				ORGANIZATIONNAME = "Katlyn Schwaebe";
				TargetAttributes = {
					27F384A7197FFAE900A71A1F = {
						DevelopmentTeam = WW3AF2LH6C;
					};
					27F384C2197FFAE900A71A1F = {
						TestTargetID = 27F384A7197FFAE900A71A1F;
					};
				};
			};
			buildConfigurationList = 27F384A3197FFAE900A71A1F /* Build configuration list for PBXProject "List App" */;
			compatibilityVersion = "Xcode 3.2";
			developmentRegion = English;
			hasScannedForEncodings = 0;
			knownRegions = (
				en,
			);
			mainGroup = 27F3849F197FFAE900A71A1F;
			productRefGroup = 27F384A9197FFAE900A71A1F /* Products */;
			projectDirPath = "";
			projectRoot = "";
			targets = (
				27F384A7197FFAE900A71A1F /* List App */,
				27F384C2197FFAE900A71A1F /* List AppTests */,
			);
		};
/* End PBXProject section */

/* Begin PBXResourcesBuildPhase section */
		27F384A6197FFAE900A71A1F /* Resources */ = {
			isa = PBXResourcesBuildPhase;
			buildActionMask = 2147483647;
			files = (
				27F384B6197FFAE900A71A1F /* InfoPlist.strings in Resources */,
				27F384BE197FFAE900A71A1F /* Images.xcassets in Resources */,
			);
			runOnlyForDeploymentPostprocessing = 0;
		};
		27F384C1197FFAE900A71A1F /* Resources */ = {
			isa = PBXResourcesBuildPhase;
			buildActionMask = 2147483647;
			files = (
				27F384CF197FFAE900A71A1F /* InfoPlist.strings in Resources */,
			);
			runOnlyForDeploymentPostprocessing = 0;
		};
/* End PBXResourcesBuildPhase section */

/* Begin PBXSourcesBuildPhase section */
		27F384A4197FFAE900A71A1F /* Sources */ = {
			isa = PBXSourcesBuildPhase;
			buildActionMask = 2147483647;
			files = (
				27F384DD198005FF00A71A1F /* MFLTableViewController.m in Sources */,
				27F384BC197FFAE900A71A1F /* MFLAppDelegate.m in Sources */,
				27F384B8197FFAE900A71A1F /* main.m in Sources */,
			);
			runOnlyForDeploymentPostprocessing = 0;
		};
		27F384BF197FFAE900A71A1F /* Sources */ = {
			isa = PBXSourcesBuildPhase;
			buildActionMask = 2147483647;
			files = (
				27F384D1197FFAE900A71A1F /* List_AppTests.m in Sources */,
			);
			runOnlyForDeploymentPostprocessing = 0;
		};
/* End PBXSourcesBuildPhase section */

/* Begin PBXTargetDependency section */
		27F384C9197FFAE900A71A1F /* PBXTargetDependency */ = {
			isa = PBXTargetDependency;
			target = 27F384A7197FFAE900A71A1F /* List App */;
			targetProxy = 27F384C8197FFAE900A71A1F /* PBXContainerItemProxy */;
		};
/* End PBXTargetDependency section */

/* Begin PBXVariantGroup section */
		27F384B4197FFAE900A71A1F /* InfoPlist.strings */ = {
			isa = PBXVariantGroup;
			children = (
				27F384B5197FFAE900A71A1F /* en */,
			);
			name = InfoPlist.strings;
			sourceTree = "<group>";
		};
		27F384CD197FFAE900A71A1F /* InfoPlist.strings */ = {
			isa = PBXVariantGroup;
			children = (
				27F384CE197FFAE900A71A1F /* en */,
			);
			name = InfoPlist.strings;
			sourceTree = "<group>";
		};
/* End PBXVariantGroup section */

/* Begin XCBuildConfiguration section */
		27F384D2197FFAE900A71A1F /* Debug */ = {
			isa = XCBuildConfiguration;
			buildSettings = {
				ALWAYS_SEARCH_USER_PATHS = NO;
				CLANG_CXX_LANGUAGE_STANDARD = "gnu++0x";
				CLANG_CXX_LIBRARY = "libc++";
				CLANG_ENABLE_MODULES = YES;
				CLANG_ENABLE_OBJC_ARC = YES;
				CLANG_WARN_BOOL_CONVERSION = YES;
				CLANG_WARN_CONSTANT_CONVERSION = YES;
				CLANG_WARN_DIRECT_OBJC_ISA_USAGE = YES_ERROR;
				CLANG_WARN_EMPTY_BODY = YES;
				CLANG_WARN_ENUM_CONVERSION = YES;
				CLANG_WARN_INT_CONVERSION = YES;
				CLANG_WARN_OBJC_ROOT_CLASS = YES_ERROR;
				CLANG_WARN__DUPLICATE_METHOD_MATCH = YES;
				"CODE_SIGN_IDENTITY[sdk=iphoneos*]" = "iPhone Developer";
				COPY_PHASE_STRIP = NO;
				GCC_C_LANGUAGE_STANDARD = gnu99;
				GCC_DYNAMIC_NO_PIC = NO;
				GCC_OPTIMIZATION_LEVEL = 0;
				GCC_PREPROCESSOR_DEFINITIONS = (
					"DEBUG=1",
					"$(inherited)",
				);
				GCC_SYMBOLS_PRIVATE_EXTERN = NO;
				GCC_WARN_64_TO_32_BIT_CONVERSION = YES;
				GCC_WARN_ABOUT_RETURN_TYPE = YES_ERROR;
				GCC_WARN_UNDECLARED_SELECTOR = YES;
				GCC_WARN_UNINITIALIZED_AUTOS = YES_AGGRESSIVE;
				GCC_WARN_UNUSED_FUNCTION = YES;
				GCC_WARN_UNUSED_VARIABLE = YES;
				IPHONEOS_DEPLOYMENT_TARGET = 7.1;
				ONLY_ACTIVE_ARCH = YES;
				SDKROOT = iphoneos;
			};
			name = Debug;
		};
		27F384D3197FFAE900A71A1F /* Release */ = {
			isa = XCBuildConfiguration;
			buildSettings = {
				ALWAYS_SEARCH_USER_PATHS = NO;
				CLANG_CXX_LANGUAGE_STANDARD = "gnu++0x";
				CLANG_CXX_LIBRARY = "libc++";
				CLANG_ENABLE_MODULES = YES;
				CLANG_ENABLE_OBJC_ARC = YES;
				CLANG_WARN_BOOL_CONVERSION = YES;
				CLANG_WARN_CONSTANT_CONVERSION = YES;
				CLANG_WARN_DIRECT_OBJC_ISA_USAGE = YES_ERROR;
				CLANG_WARN_EMPTY_BODY = YES;
				CLANG_WARN_ENUM_CONVERSION = YES;
				CLANG_WARN_INT_CONVERSION = YES;
				CLANG_WARN_OBJC_ROOT_CLASS = YES_ERROR;
				CLANG_WARN__DUPLICATE_METHOD_MATCH = YES;
				"CODE_SIGN_IDENTITY[sdk=iphoneos*]" = "iPhone Developer";
				COPY_PHASE_STRIP = YES;
				ENABLE_NS_ASSERTIONS = NO;
				GCC_C_LANGUAGE_STANDARD = gnu99;
				GCC_WARN_64_TO_32_BIT_CONVERSION = YES;
				GCC_WARN_ABOUT_RETURN_TYPE = YES_ERROR;
				GCC_WARN_UNDECLARED_SELECTOR = YES;
				GCC_WARN_UNINITIALIZED_AUTOS = YES_AGGRESSIVE;
				GCC_WARN_UNUSED_FUNCTION = YES;
				GCC_WARN_UNUSED_VARIABLE = YES;
				IPHONEOS_DEPLOYMENT_TARGET = 7.1;
				SDKROOT = iphoneos;
				VALIDATE_PRODUCT = YES;
			};
			name = Release;
		};
		27F384D5197FFAE900A71A1F /* Debug */ = {
			isa = XCBuildConfiguration;
			buildSettings = {
				ASSETCATALOG_COMPILER_APPICON_NAME = AppIcon;
				ASSETCATALOG_COMPILER_LAUNCHIMAGE_NAME = LaunchImage;
				CODE_SIGN_IDENTITY = "iPhone Developer";
				GCC_PRECOMPILE_PREFIX_HEADER = YES;
				GCC_PREFIX_HEADER = "List App/List App-Prefix.pch";
				INFOPLIST_FILE = "List App/List App-Info.plist";
				PRODUCT_NAME = "$(TARGET_NAME)";
				WRAPPER_EXTENSION = app;
			};
			name = Debug;
		};
		27F384D6197FFAE900A71A1F /* Release */ = {
			isa = XCBuildConfiguration;
			buildSettings = {
				ASSETCATALOG_COMPILER_APPICON_NAME = AppIcon;
				ASSETCATALOG_COMPILER_LAUNCHIMAGE_NAME = LaunchImage;
				CODE_SIGN_IDENTITY = "iPhone Developer";
				GCC_PRECOMPILE_PREFIX_HEADER = YES;
				GCC_PREFIX_HEADER = "List App/List App-Prefix.pch";
				INFOPLIST_FILE = "List App/List App-Info.plist";
				PRODUCT_NAME = "$(TARGET_NAME)";
				WRAPPER_EXTENSION = app;
			};
			name = Release;
		};
		27F384D8197FFAE900A71A1F /* Debug */ = {
			isa = XCBuildConfiguration;
			buildSettings = {
				BUNDLE_LOADER = "$(BUILT_PRODUCTS_DIR)/List App.app/List App";
				FRAMEWORK_SEARCH_PATHS = (
					"$(SDKROOT)/Developer/Library/Frameworks",
					"$(inherited)",
					"$(DEVELOPER_FRAMEWORKS_DIR)",
				);
				GCC_PRECOMPILE_PREFIX_HEADER = YES;
				GCC_PREFIX_HEADER = "List App/List App-Prefix.pch";
				GCC_PREPROCESSOR_DEFINITIONS = (
					"DEBUG=1",
					"$(inherited)",
				);
				INFOPLIST_FILE = "List AppTests/List AppTests-Info.plist";
				PRODUCT_NAME = "$(TARGET_NAME)";
				TEST_HOST = "$(BUNDLE_LOADER)";
				WRAPPER_EXTENSION = xctest;
			};
			name = Debug;
		};
		27F384D9197FFAE900A71A1F /* Release */ = {
			isa = XCBuildConfiguration;
			buildSettings = {
				BUNDLE_LOADER = "$(BUILT_PRODUCTS_DIR)/List App.app/List App";
				FRAMEWORK_SEARCH_PATHS = (
					"$(SDKROOT)/Developer/Library/Frameworks",
					"$(inherited)",
					"$(DEVELOPER_FRAMEWORKS_DIR)",
				);
				GCC_PRECOMPILE_PREFIX_HEADER = YES;
				GCC_PREFIX_HEADER = "List App/List App-Prefix.pch";
				INFOPLIST_FILE = "List AppTests/List AppTests-Info.plist";
				PRODUCT_NAME = "$(TARGET_NAME)";
				TEST_HOST = "$(BUNDLE_LOADER)";
				WRAPPER_EXTENSION = xctest;
			};
			name = Release;
		};
/* End XCBuildConfiguration section */

/* Begin XCConfigurationList section */
		27F384A3197FFAE900A71A1F /* Build configuration list for PBXProject "List App" */ = {
			isa = XCConfigurationList;
			buildConfigurations = (
				27F384D2197FFAE900A71A1F /* Debug */,
				27F384D3197FFAE900A71A1F /* Release */,
			);
			defaultConfigurationIsVisible = 0;
			defaultConfigurationName = Release;
		};
		27F384D4197FFAE900A71A1F /* Build configuration list for PBXNativeTarget "List App" */ = {
			isa = XCConfigurationList;
			buildConfigurations = (
				27F384D5197FFAE900A71A1F /* Debug */,
				27F384D6197FFAE900A71A1F /* Release */,
			);
			defaultConfigurationIsVisible = 0;
			defaultConfigurationName = Release;
		};
		27F384D7197FFAE900A71A1F /* Build configuration list for PBXNativeTarget "List AppTests" */ = {
			isa = XCConfigurationList;
			buildConfigurations = (
				27F384D8197FFAE900A71A1F /* Debug */,
				27F384D9197FFAE900A71A1F /* Release */,
			);
			defaultConfigurationIsVisible = 0;
			defaultConfigurationName = Release;
		};
/* End XCConfigurationList section */
	};
	rootObject = 27F384A0197FFAE900A71A1F /* Project object */;
}
