// !$*UTF8*$!
{
	archiveVersion = 1;
	classes = {
	};
	objectVersion = 46;
	objects = {

/* Begin PBXBuildFile section */
		27A51E89197D888A00A33BBC /* Foundation.framework in Frameworks */ = {isa = PBXBuildFile; fileRef = 27A51E88197D888A00A33BBC /* Foundation.framework */; };
		27A51E8B197D888A00A33BBC /* CoreGraphics.framework in Frameworks */ = {isa = PBXBuildFile; fileRef = 27A51E8A197D888A00A33BBC /* CoreGraphics.framework */; };
		27A51E8D197D888A00A33BBC /* UIKit.framework in Frameworks */ = {isa = PBXBuildFile; fileRef = 27A51E8C197D888A00A33BBC /* UIKit.framework */; };
		27A51E93197D888A00A33BBC /* InfoPlist.strings in Resources */ = {isa = PBXBuildFile; fileRef = 27A51E91197D888A00A33BBC /* InfoPlist.strings */; };
		27A51E95197D888A00A33BBC /* main.m in Sources */ = {isa = PBXBuildFile; fileRef = 27A51E94197D888A00A33BBC /* main.m */; };
		27A51E99197D888A00A33BBC /* SFAAppDelegate.m in Sources */ = {isa = PBXBuildFile; fileRef = 27A51E98197D888A00A33BBC /* SFAAppDelegate.m */; };
		27A51E9C197D888A00A33BBC /* Main.storyboard in Resources */ = {isa = PBXBuildFile; fileRef = 27A51E9A197D888A00A33BBC /* Main.storyboard */; };
		27A51E9F197D888A00A33BBC /* SFAViewController.m in Sources */ = {isa = PBXBuildFile; fileRef = 27A51E9E197D888A00A33BBC /* SFAViewController.m */; };
		27A51EA1197D888A00A33BBC /* Images.xcassets in Resources */ = {isa = PBXBuildFile; fileRef = 27A51EA0197D888A00A33BBC /* Images.xcassets */; };
		27A51EA8197D888A00A33BBC /* XCTest.framework in Frameworks */ = {isa = PBXBuildFile; fileRef = 27A51EA7197D888A00A33BBC /* XCTest.framework */; };
		27A51EA9197D888A00A33BBC /* Foundation.framework in Frameworks */ = {isa = PBXBuildFile; fileRef = 27A51E88197D888A00A33BBC /* Foundation.framework */; };
		27A51EAA197D888A00A33BBC /* UIKit.framework in Frameworks */ = {isa = PBXBuildFile; fileRef = 27A51E8C197D888A00A33BBC /* UIKit.framework */; };
		27A51EB2197D888A00A33BBC /* InfoPlist.strings in Resources */ = {isa = PBXBuildFile; fileRef = 27A51EB0197D888A00A33BBC /* InfoPlist.strings */; };
		27A51EB4197D888A00A33BBC /* Simple_Form_AppTests.m in Sources */ = {isa = PBXBuildFile; fileRef = 27A51EB3197D888A00A33BBC /* Simple_Form_AppTests.m */; };
/* End PBXBuildFile section */

/* Begin PBXContainerItemProxy section */
		27A51EAB197D888A00A33BBC /* PBXContainerItemProxy */ = {
			isa = PBXContainerItemProxy;
			containerPortal = 27A51E7D197D888A00A33BBC /* Project object */;
			proxyType = 1;
			remoteGlobalIDString = 27A51E84197D888A00A33BBC;
			remoteInfo = "Simple Form App";
		};
/* End PBXContainerItemProxy section */

/* Begin PBXFileReference section */
		27A51E85197D888A00A33BBC /* Simple Form App.app */ = {isa = PBXFileReference; explicitFileType = wrapper.application; includeInIndex = 0; path = "Simple Form App.app"; sourceTree = BUILT_PRODUCTS_DIR; };
		27A51E88197D888A00A33BBC /* Foundation.framework */ = {isa = PBXFileReference; lastKnownFileType = wrapper.framework; name = Foundation.framework; path = System/Library/Frameworks/Foundation.framework; sourceTree = SDKROOT; };
		27A51E8A197D888A00A33BBC /* CoreGraphics.framework */ = {isa = PBXFileReference; lastKnownFileType = wrapper.framework; name = CoreGraphics.framework; path = System/Library/Frameworks/CoreGraphics.framework; sourceTree = SDKROOT; };
		27A51E8C197D888A00A33BBC /* UIKit.framework */ = {isa = PBXFileReference; lastKnownFileType = wrapper.framework; name = UIKit.framework; path = System/Library/Frameworks/UIKit.framework; sourceTree = SDKROOT; };
		27A51E90197D888A00A33BBC /* Simple Form App-Info.plist */ = {isa = PBXFileReference; lastKnownFileType = text.plist.xml; path = "Simple Form App-Info.plist"; sourceTree = "<group>"; };
		27A51E92197D888A00A33BBC /* en */ = {isa = PBXFileReference; lastKnownFileType = text.plist.strings; name = en; path = en.lproj/InfoPlist.strings; sourceTree = "<group>"; };
		27A51E94197D888A00A33BBC /* main.m */ = {isa = PBXFileReference; lastKnownFileType = sourcecode.c.objc; path = main.m; sourceTree = "<group>"; };
		27A51E96197D888A00A33BBC /* Simple Form App-Prefix.pch */ = {isa = PBXFileReference; lastKnownFileType = sourcecode.c.h; path = "Simple Form App-Prefix.pch"; sourceTree = "<group>"; };
		27A51E97197D888A00A33BBC /* SFAAppDelegate.h */ = {isa = PBXFileReference; lastKnownFileType = sourcecode.c.h; path = SFAAppDelegate.h; sourceTree = "<group>"; };
		27A51E98197D888A00A33BBC /* SFAAppDelegate.m */ = {isa = PBXFileReference; lastKnownFileType = sourcecode.c.objc; path = SFAAppDelegate.m; sourceTree = "<group>"; };
		27A51E9B197D888A00A33BBC /* Base */ = {isa = PBXFileReference; lastKnownFileType = file.storyboard; name = Base; path = Base.lproj/Main.storyboard; sourceTree = "<group>"; };
		27A51E9D197D888A00A33BBC /* SFAViewController.h */ = {isa = PBXFileReference; lastKnownFileType = sourcecode.c.h; path = SFAViewController.h; sourceTree = "<group>"; };
		27A51E9E197D888A00A33BBC /* SFAViewController.m */ = {isa = PBXFileReference; lastKnownFileType = sourcecode.c.objc; path = SFAViewController.m; sourceTree = "<group>"; };
		27A51EA0197D888A00A33BBC /* Images.xcassets */ = {isa = PBXFileReference; lastKnownFileType = folder.assetcatalog; path = Images.xcassets; sourceTree = "<group>"; };
		27A51EA6197D888A00A33BBC /* Simple Form AppTests.xctest */ = {isa = PBXFileReference; explicitFileType = wrapper.cfbundle; includeInIndex = 0; path = "Simple Form AppTests.xctest"; sourceTree = BUILT_PRODUCTS_DIR; };
		27A51EA7197D888A00A33BBC /* XCTest.framework */ = {isa = PBXFileReference; lastKnownFileType = wrapper.framework; name = XCTest.framework; path = Library/Frameworks/XCTest.framework; sourceTree = DEVELOPER_DIR; };
		27A51EAF197D888A00A33BBC /* Simple Form AppTests-Info.plist */ = {isa = PBXFileReference; lastKnownFileType = text.plist.xml; path = "Simple Form AppTests-Info.plist"; sourceTree = "<group>"; };
		27A51EB1197D888A00A33BBC /* en */ = {isa = PBXFileReference; lastKnownFileType = text.plist.strings; name = en; path = en.lproj/InfoPlist.strings; sourceTree = "<group>"; };
		27A51EB3197D888A00A33BBC /* Simple_Form_AppTests.m */ = {isa = PBXFileReference; lastKnownFileType = sourcecode.c.objc; path = Simple_Form_AppTests.m; sourceTree = "<group>"; };
/* End PBXFileReference section */

/* Begin PBXFrameworksBuildPhase section */
		27A51E82197D888A00A33BBC /* Frameworks */ = {
			isa = PBXFrameworksBuildPhase;
			buildActionMask = 2147483647;
			files = (
				27A51E8B197D888A00A33BBC /* CoreGraphics.framework in Frameworks */,
				27A51E8D197D888A00A33BBC /* UIKit.framework in Frameworks */,
				27A51E89197D888A00A33BBC /* Foundation.framework in Frameworks */,
			);
			runOnlyForDeploymentPostprocessing = 0;
		};
		27A51EA3197D888A00A33BBC /* Frameworks */ = {
			isa = PBXFrameworksBuildPhase;
			buildActionMask = 2147483647;
			files = (
				27A51EA8197D888A00A33BBC /* XCTest.framework in Frameworks */,
				27A51EAA197D888A00A33BBC /* UIKit.framework in Frameworks */,
				27A51EA9197D888A00A33BBC /* Foundation.framework in Frameworks */,
			);
			runOnlyForDeploymentPostprocessing = 0;
		};
/* End PBXFrameworksBuildPhase section */

/* Begin PBXGroup section */
		27A51E7C197D888A00A33BBC = {
			isa = PBXGroup;
			children = (
				27A51E8E197D888A00A33BBC /* Simple Form App */,
				27A51EAD197D888A00A33BBC /* Simple Form AppTests */,
				27A51E87197D888A00A33BBC /* Frameworks */,
				27A51E86197D888A00A33BBC /* Products */,
			);
			sourceTree = "<group>";
		};
		27A51E86197D888A00A33BBC /* Products */ = {
			isa = PBXGroup;
			children = (
				27A51E85197D888A00A33BBC /* Simple Form App.app */,
				27A51EA6197D888A00A33BBC /* Simple Form AppTests.xctest */,
			);
			name = Products;
			sourceTree = "<group>";
		};
		27A51E87197D888A00A33BBC /* Frameworks */ = {
			isa = PBXGroup;
			children = (
				27A51E88197D888A00A33BBC /* Foundation.framework */,
				27A51E8A197D888A00A33BBC /* CoreGraphics.framework */,
				27A51E8C197D888A00A33BBC /* UIKit.framework */,
				27A51EA7197D888A00A33BBC /* XCTest.framework */,
			);
			name = Frameworks;
			sourceTree = "<group>";
		};
		27A51E8E197D888A00A33BBC /* Simple Form App */ = {
			isa = PBXGroup;
			children = (
				27A51E97197D888A00A33BBC /* SFAAppDelegate.h */,
				27A51E98197D888A00A33BBC /* SFAAppDelegate.m */,
				27A51E9A197D888A00A33BBC /* Main.storyboard */,
				27A51E9D197D888A00A33BBC /* SFAViewController.h */,
				27A51E9E197D888A00A33BBC /* SFAViewController.m */,
				27A51EA0197D888A00A33BBC /* Images.xcassets */,
				27A51E8F197D888A00A33BBC /* Supporting Files */,
			);
			path = "Simple Form App";
			sourceTree = "<group>";
		};
		27A51E8F197D888A00A33BBC /* Supporting Files */ = {
			isa = PBXGroup;
			children = (
				27A51E90197D888A00A33BBC /* Simple Form App-Info.plist */,
				27A51E91197D888A00A33BBC /* InfoPlist.strings */,
				27A51E94197D888A00A33BBC /* main.m */,
				27A51E96197D888A00A33BBC /* Simple Form App-Prefix.pch */,
			);
			name = "Supporting Files";
			sourceTree = "<group>";
		};
		27A51EAD197D888A00A33BBC /* Simple Form AppTests */ = {
			isa = PBXGroup;
			children = (
				27A51EB3197D888A00A33BBC /* Simple_Form_AppTests.m */,
				27A51EAE197D888A00A33BBC /* Supporting Files */,
			);
			path = "Simple Form AppTests";
			sourceTree = "<group>";
		};
		27A51EAE197D888A00A33BBC /* Supporting Files */ = {
			isa = PBXGroup;
			children = (
				27A51EAF197D888A00A33BBC /* Simple Form AppTests-Info.plist */,
				27A51EB0197D888A00A33BBC /* InfoPlist.strings */,
			);
			name = "Supporting Files";
			sourceTree = "<group>";
		};
/* End PBXGroup section */

/* Begin PBXNativeTarget section */
		27A51E84197D888A00A33BBC /* Simple Form App */ = {
			isa = PBXNativeTarget;
			buildConfigurationList = 27A51EB7197D888A00A33BBC /* Build configuration list for PBXNativeTarget "Simple Form App" */;
			buildPhases = (
				27A51E81197D888A00A33BBC /* Sources */,
				27A51E82197D888A00A33BBC /* Frameworks */,
				27A51E83197D888A00A33BBC /* Resources */,
			);
			buildRules = (
			);
			dependencies = (
			);
			name = "Simple Form App";
			productName = "Simple Form App";
			productReference = 27A51E85197D888A00A33BBC /* Simple Form App.app */;
			productType = "com.apple.product-type.application";
		};
		27A51EA5197D888A00A33BBC /* Simple Form AppTests */ = {
			isa = PBXNativeTarget;
			buildConfigurationList = 27A51EBA197D888A00A33BBC /* Build configuration list for PBXNativeTarget "Simple Form AppTests" */;
			buildPhases = (
				27A51EA2197D888A00A33BBC /* Sources */,
				27A51EA3197D888A00A33BBC /* Frameworks */,
				27A51EA4197D888A00A33BBC /* Resources */,
			);
			buildRules = (
			);
			dependencies = (
				27A51EAC197D888A00A33BBC /* PBXTargetDependency */,
			);
			name = "Simple Form AppTests";
			productName = "Simple Form AppTests";
			productReference = 27A51EA6197D888A00A33BBC /* Simple Form AppTests.xctest */;
			productType = "com.apple.product-type.bundle.unit-test";
		};
/* End PBXNativeTarget section */

/* Begin PBXProject section */
		27A51E7D197D888A00A33BBC /* Project object */ = {
			isa = PBXProject;
			attributes = {
				CLASSPREFIX = SFA;
				LastUpgradeCheck = 0510;
				ORGANIZATIONNAME = "Katlyn Schwaebe";
				TargetAttributes = {
					27A51EA5197D888A00A33BBC = {
						TestTargetID = 27A51E84197D888A00A33BBC;
					};
				};
			};
			buildConfigurationList = 27A51E80197D888A00A33BBC /* Build configuration list for PBXProject "Simple Form App" */;
			compatibilityVersion = "Xcode 3.2";
			developmentRegion = English;
			hasScannedForEncodings = 0;
			knownRegions = (
				en,
				Base,
			);
			mainGroup = 27A51E7C197D888A00A33BBC;
			productRefGroup = 27A51E86197D888A00A33BBC /* Products */;
			projectDirPath = "";
			projectRoot = "";
			targets = (
				27A51E84197D888A00A33BBC /* Simple Form App */,
				27A51EA5197D888A00A33BBC /* Simple Form AppTests */,
			);
		};
/* End PBXProject section */

/* Begin PBXResourcesBuildPhase section */
		27A51E83197D888A00A33BBC /* Resources */ = {
			isa = PBXResourcesBuildPhase;
			buildActionMask = 2147483647;
			files = (
				27A51EA1197D888A00A33BBC /* Images.xcassets in Resources */,
				27A51E93197D888A00A33BBC /* InfoPlist.strings in Resources */,
				27A51E9C197D888A00A33BBC /* Main.storyboard in Resources */,
			);
			runOnlyForDeploymentPostprocessing = 0;
		};
		27A51EA4197D888A00A33BBC /* Resources */ = {
			isa = PBXResourcesBuildPhase;
			buildActionMask = 2147483647;
			files = (
				27A51EB2197D888A00A33BBC /* InfoPlist.strings in Resources */,
			);
			runOnlyForDeploymentPostprocessing = 0;
		};
/* End PBXResourcesBuildPhase section */

/* Begin PBXSourcesBuildPhase section */
		27A51E81197D888A00A33BBC /* Sources */ = {
			isa = PBXSourcesBuildPhase;
			buildActionMask = 2147483647;
			files = (
				27A51E95197D888A00A33BBC /* main.m in Sources */,
				27A51E99197D888A00A33BBC /* SFAAppDelegate.m in Sources */,
				27A51E9F197D888A00A33BBC /* SFAViewController.m in Sources */,
			);
			runOnlyForDeploymentPostprocessing = 0;
		};
		27A51EA2197D888A00A33BBC /* Sources */ = {
			isa = PBXSourcesBuildPhase;
			buildActionMask = 2147483647;
			files = (
				27A51EB4197D888A00A33BBC /* Simple_Form_AppTests.m in Sources */,
			);
			runOnlyForDeploymentPostprocessing = 0;
		};
/* End PBXSourcesBuildPhase section */

/* Begin PBXTargetDependency section */
		27A51EAC197D888A00A33BBC /* PBXTargetDependency */ = {
			isa = PBXTargetDependency;
			target = 27A51E84197D888A00A33BBC /* Simple Form App */;
			targetProxy = 27A51EAB197D888A00A33BBC /* PBXContainerItemProxy */;
		};
/* End PBXTargetDependency section */

/* Begin PBXVariantGroup section */
		27A51E91197D888A00A33BBC /* InfoPlist.strings */ = {
			isa = PBXVariantGroup;
			children = (
				27A51E92197D888A00A33BBC /* en */,
			);
			name = InfoPlist.strings;
			sourceTree = "<group>";
		};
		27A51E9A197D888A00A33BBC /* Main.storyboard */ = {
			isa = PBXVariantGroup;
			children = (
				27A51E9B197D888A00A33BBC /* Base */,
			);
			name = Main.storyboard;
			sourceTree = "<group>";
		};
		27A51EB0197D888A00A33BBC /* InfoPlist.strings */ = {
			isa = PBXVariantGroup;
			children = (
				27A51EB1197D888A00A33BBC /* en */,
			);
			name = InfoPlist.strings;
			sourceTree = "<group>";
		};
/* End PBXVariantGroup section */

/* Begin XCBuildConfiguration section */
		27A51EB5197D888A00A33BBC /* Debug */ = {
			isa = XCBuildConfiguration;
			buildSettings = {
				ALWAYS_SEARCH_USER_PATHS = NO;
				CLANG_CXX_LANGUAGE_STANDARD = "gnu++0x";
				CLANG_CXX_LIBRARY = "libc++";
				CLANG_ENABLE_MODULES = YES;
				CLANG_ENABLE_OBJC_ARC = YES;
				CLANG_WARN_BOOL_CONVERSION = YES;
				CLANG_WARN_CONSTANT_CONVERSION = YES;
				CLANG_WARN_DIRECT_OBJC_ISA_USAGE = YES_ERROR;
				CLANG_WARN_EMPTY_BODY = YES;
				CLANG_WARN_ENUM_CONVERSION = YES;
				CLANG_WARN_INT_CONVERSION = YES;
				CLANG_WARN_OBJC_ROOT_CLASS = YES_ERROR;
				CLANG_WARN__DUPLICATE_METHOD_MATCH = YES;
				"CODE_SIGN_IDENTITY[sdk=iphoneos*]" = "iPhone Developer";
				COPY_PHASE_STRIP = NO;
				GCC_C_LANGUAGE_STANDARD = gnu99;
				GCC_DYNAMIC_NO_PIC = NO;
				GCC_OPTIMIZATION_LEVEL = 0;
				GCC_PREPROCESSOR_DEFINITIONS = (
					"DEBUG=1",
					"$(inherited)",
				);
				GCC_SYMBOLS_PRIVATE_EXTERN = NO;
				GCC_WARN_64_TO_32_BIT_CONVERSION = YES;
				GCC_WARN_ABOUT_RETURN_TYPE = YES_ERROR;
				GCC_WARN_UNDECLARED_SELECTOR = YES;
				GCC_WARN_UNINITIALIZED_AUTOS = YES_AGGRESSIVE;
				GCC_WARN_UNUSED_FUNCTION = YES;
				GCC_WARN_UNUSED_VARIABLE = YES;
				IPHONEOS_DEPLOYMENT_TARGET = 7.1;
				ONLY_ACTIVE_ARCH = YES;
				SDKROOT = iphoneos;
			};
			name = Debug;
		};
		27A51EB6197D888A00A33BBC /* Release */ = {
			isa = XCBuildConfiguration;
			buildSettings = {
				ALWAYS_SEARCH_USER_PATHS = NO;
				CLANG_CXX_LANGUAGE_STANDARD = "gnu++0x";
				CLANG_CXX_LIBRARY = "libc++";
				CLANG_ENABLE_MODULES = YES;
				CLANG_ENABLE_OBJC_ARC = YES;
				CLANG_WARN_BOOL_CONVERSION = YES;
				CLANG_WARN_CONSTANT_CONVERSION = YES;
				CLANG_WARN_DIRECT_OBJC_ISA_USAGE = YES_ERROR;
				CLANG_WARN_EMPTY_BODY = YES;
				CLANG_WARN_ENUM_CONVERSION = YES;
				CLANG_WARN_INT_CONVERSION = YES;
				CLANG_WARN_OBJC_ROOT_CLASS = YES_ERROR;
				CLANG_WARN__DUPLICATE_METHOD_MATCH = YES;
				"CODE_SIGN_IDENTITY[sdk=iphoneos*]" = "iPhone Developer";
				COPY_PHASE_STRIP = YES;
				ENABLE_NS_ASSERTIONS = NO;
				GCC_C_LANGUAGE_STANDARD = gnu99;
				GCC_WARN_64_TO_32_BIT_CONVERSION = YES;
				GCC_WARN_ABOUT_RETURN_TYPE = YES_ERROR;
				GCC_WARN_UNDECLARED_SELECTOR = YES;
				GCC_WARN_UNINITIALIZED_AUTOS = YES_AGGRESSIVE;
				GCC_WARN_UNUSED_FUNCTION = YES;
				GCC_WARN_UNUSED_VARIABLE = YES;
				IPHONEOS_DEPLOYMENT_TARGET = 7.1;
				SDKROOT = iphoneos;
				VALIDATE_PRODUCT = YES;
			};
			name = Release;
		};
		27A51EB8197D888A00A33BBC /* Debug */ = {
			isa = XCBuildConfiguration;
			buildSettings = {
				ASSETCATALOG_COMPILER_APPICON_NAME = AppIcon;
				ASSETCATALOG_COMPILER_LAUNCHIMAGE_NAME = LaunchImage;
				GCC_PRECOMPILE_PREFIX_HEADER = YES;
				GCC_PREFIX_HEADER = "Simple Form App/Simple Form App-Prefix.pch";
				INFOPLIST_FILE = "Simple Form App/Simple Form App-Info.plist";
				PRODUCT_NAME = "$(TARGET_NAME)";
				WRAPPER_EXTENSION = app;
			};
			name = Debug;
		};
		27A51EB9197D888A00A33BBC /* Release */ = {
			isa = XCBuildConfiguration;
			buildSettings = {
				ASSETCATALOG_COMPILER_APPICON_NAME = AppIcon;
				ASSETCATALOG_COMPILER_LAUNCHIMAGE_NAME = LaunchImage;
				GCC_PRECOMPILE_PREFIX_HEADER = YES;
				GCC_PREFIX_HEADER = "Simple Form App/Simple Form App-Prefix.pch";
				INFOPLIST_FILE = "Simple Form App/Simple Form App-Info.plist";
				PRODUCT_NAME = "$(TARGET_NAME)";
				WRAPPER_EXTENSION = app;
			};
			name = Release;
		};
		27A51EBB197D888A00A33BBC /* Debug */ = {
			isa = XCBuildConfiguration;
			buildSettings = {
				BUNDLE_LOADER = "$(BUILT_PRODUCTS_DIR)/Simple Form App.app/Simple Form App";
				FRAMEWORK_SEARCH_PATHS = (
					"$(SDKROOT)/Developer/Library/Frameworks",
					"$(inherited)",
					"$(DEVELOPER_FRAMEWORKS_DIR)",
				);
				GCC_PRECOMPILE_PREFIX_HEADER = YES;
				GCC_PREFIX_HEADER = "Simple Form App/Simple Form App-Prefix.pch";
				GCC_PREPROCESSOR_DEFINITIONS = (
					"DEBUG=1",
					"$(inherited)",
				);
				INFOPLIST_FILE = "Simple Form AppTests/Simple Form AppTests-Info.plist";
				PRODUCT_NAME = "$(TARGET_NAME)";
				TEST_HOST = "$(BUNDLE_LOADER)";
				WRAPPER_EXTENSION = xctest;
			};
			name = Debug;
		};
		27A51EBC197D888A00A33BBC /* Release */ = {
			isa = XCBuildConfiguration;
			buildSettings = {
				BUNDLE_LOADER = "$(BUILT_PRODUCTS_DIR)/Simple Form App.app/Simple Form App";
				FRAMEWORK_SEARCH_PATHS = (
					"$(SDKROOT)/Developer/Library/Frameworks",
					"$(inherited)",
					"$(DEVELOPER_FRAMEWORKS_DIR)",
				);
				GCC_PRECOMPILE_PREFIX_HEADER = YES;
				GCC_PREFIX_HEADER = "Simple Form App/Simple Form App-Prefix.pch";
				INFOPLIST_FILE = "Simple Form AppTests/Simple Form AppTests-Info.plist";
				PRODUCT_NAME = "$(TARGET_NAME)";
				TEST_HOST = "$(BUNDLE_LOADER)";
				WRAPPER_EXTENSION = xctest;
			};
			name = Release;
		};
/* End XCBuildConfiguration section */

/* Begin XCConfigurationList section */
		27A51E80197D888A00A33BBC /* Build configuration list for PBXProject "Simple Form App" */ = {
			isa = XCConfigurationList;
			buildConfigurations = (
				27A51EB5197D888A00A33BBC /* Debug */,
				27A51EB6197D888A00A33BBC /* Release */,
			);
			defaultConfigurationIsVisible = 0;
			defaultConfigurationName = Release;
		};
		27A51EB7197D888A00A33BBC /* Build configuration list for PBXNativeTarget "Simple Form App" */ = {
			isa = XCConfigurationList;
			buildConfigurations = (
				27A51EB8197D888A00A33BBC /* Debug */,
				27A51EB9197D888A00A33BBC /* Release */,
			);
			defaultConfigurationIsVisible = 0;
		};
		27A51EBA197D888A00A33BBC /* Build configuration list for PBXNativeTarget "Simple Form AppTests" */ = {
			isa = XCConfigurationList;
			buildConfigurations = (
				27A51EBB197D888A00A33BBC /* Debug */,
				27A51EBC197D888A00A33BBC /* Release */,
			);
			defaultConfigurationIsVisible = 0;
		};
/* End XCConfigurationList section */
	};
	rootObject = 27A51E7D197D888A00A33BBC /* Project object */;
}
