// !$*UTF8*$!
{
	archiveVersion = 1;
	classes = {
	};
	objectVersion = 46;
	objects = {

/* Begin PBXBuildFile section */
		27A22860198684F800B7709D /* Foundation.framework in Frameworks */ = {isa = PBXBuildFile; fileRef = 27A2285F198684F800B7709D /* Foundation.framework */; };
		27A22862198684F800B7709D /* CoreGraphics.framework in Frameworks */ = {isa = PBXBuildFile; fileRef = 27A22861198684F800B7709D /* CoreGraphics.framework */; };
		27A22864198684F800B7709D /* UIKit.framework in Frameworks */ = {isa = PBXBuildFile; fileRef = 27A22863198684F800B7709D /* UIKit.framework */; };
		27A2286A198684F800B7709D /* InfoPlist.strings in Resources */ = {isa = PBXBuildFile; fileRef = 27A22868198684F800B7709D /* InfoPlist.strings */; };
		27A2286C198684F800B7709D /* main.m in Sources */ = {isa = PBXBuildFile; fileRef = 27A2286B198684F800B7709D /* main.m */; };
		27A22870198684F800B7709D /* GRAAppDelegate.m in Sources */ = {isa = PBXBuildFile; fileRef = 27A2286F198684F800B7709D /* GRAAppDelegate.m */; };
		27A22872198684F800B7709D /* Images.xcassets in Resources */ = {isa = PBXBuildFile; fileRef = 27A22871198684F800B7709D /* Images.xcassets */; };
		27A22879198684F800B7709D /* XCTest.framework in Frameworks */ = {isa = PBXBuildFile; fileRef = 27A22878198684F800B7709D /* XCTest.framework */; };
		27A2287A198684F800B7709D /* Foundation.framework in Frameworks */ = {isa = PBXBuildFile; fileRef = 27A2285F198684F800B7709D /* Foundation.framework */; };
		27A2287B198684F800B7709D /* UIKit.framework in Frameworks */ = {isa = PBXBuildFile; fileRef = 27A22863198684F800B7709D /* UIKit.framework */; };
		27A22883198684F800B7709D /* InfoPlist.strings in Resources */ = {isa = PBXBuildFile; fileRef = 27A22881198684F800B7709D /* InfoPlist.strings */; };
		27A22885198684F800B7709D /* Github_RequestTests.m in Sources */ = {isa = PBXBuildFile; fileRef = 27A22884198684F800B7709D /* Github_RequestTests.m */; };
		27A228901986857800B7709D /* GRAGithubRequest.m in Sources */ = {isa = PBXBuildFile; fileRef = 27A2288F1986857800B7709D /* GRAGithubRequest.m */; };
/* End PBXBuildFile section */

/* Begin PBXContainerItemProxy section */
		27A2287C198684F800B7709D /* PBXContainerItemProxy */ = {
			isa = PBXContainerItemProxy;
			containerPortal = 27A22854198684F800B7709D /* Project object */;
			proxyType = 1;
			remoteGlobalIDString = 27A2285B198684F800B7709D;
			remoteInfo = "Github Request";
		};
/* End PBXContainerItemProxy section */

/* Begin PBXFileReference section */
		27A2285C198684F800B7709D /* Github Request.app */ = {isa = PBXFileReference; explicitFileType = wrapper.application; includeInIndex = 0; path = "Github Request.app"; sourceTree = BUILT_PRODUCTS_DIR; };
		27A2285F198684F800B7709D /* Foundation.framework */ = {isa = PBXFileReference; lastKnownFileType = wrapper.framework; name = Foundation.framework; path = System/Library/Frameworks/Foundation.framework; sourceTree = SDKROOT; };
		27A22861198684F800B7709D /* CoreGraphics.framework */ = {isa = PBXFileReference; lastKnownFileType = wrapper.framework; name = CoreGraphics.framework; path = System/Library/Frameworks/CoreGraphics.framework; sourceTree = SDKROOT; };
		27A22863198684F800B7709D /* UIKit.framework */ = {isa = PBXFileReference; lastKnownFileType = wrapper.framework; name = UIKit.framework; path = System/Library/Frameworks/UIKit.framework; sourceTree = SDKROOT; };
		27A22867198684F800B7709D /* Github Request-Info.plist */ = {isa = PBXFileReference; lastKnownFileType = text.plist.xml; path = "Github Request-Info.plist"; sourceTree = "<group>"; };
		27A22869198684F800B7709D /* en */ = {isa = PBXFileReference; lastKnownFileType = text.plist.strings; name = en; path = en.lproj/InfoPlist.strings; sourceTree = "<group>"; };
		27A2286B198684F800B7709D /* main.m */ = {isa = PBXFileReference; lastKnownFileType = sourcecode.c.objc; path = main.m; sourceTree = "<group>"; };
		27A2286D198684F800B7709D /* Github Request-Prefix.pch */ = {isa = PBXFileReference; lastKnownFileType = sourcecode.c.h; path = "Github Request-Prefix.pch"; sourceTree = "<group>"; };
		27A2286E198684F800B7709D /* GRAAppDelegate.h */ = {isa = PBXFileReference; lastKnownFileType = sourcecode.c.h; path = GRAAppDelegate.h; sourceTree = "<group>"; };
		27A2286F198684F800B7709D /* GRAAppDelegate.m */ = {isa = PBXFileReference; lastKnownFileType = sourcecode.c.objc; path = GRAAppDelegate.m; sourceTree = "<group>"; };
		27A22871198684F800B7709D /* Images.xcassets */ = {isa = PBXFileReference; lastKnownFileType = folder.assetcatalog; path = Images.xcassets; sourceTree = "<group>"; };
		27A22877198684F800B7709D /* Github RequestTests.xctest */ = {isa = PBXFileReference; explicitFileType = wrapper.cfbundle; includeInIndex = 0; path = "Github RequestTests.xctest"; sourceTree = BUILT_PRODUCTS_DIR; };
		27A22878198684F800B7709D /* XCTest.framework */ = {isa = PBXFileReference; lastKnownFileType = wrapper.framework; name = XCTest.framework; path = Library/Frameworks/XCTest.framework; sourceTree = DEVELOPER_DIR; };
		27A22880198684F800B7709D /* Github RequestTests-Info.plist */ = {isa = PBXFileReference; lastKnownFileType = text.plist.xml; path = "Github RequestTests-Info.plist"; sourceTree = "<group>"; };
		27A22882198684F800B7709D /* en */ = {isa = PBXFileReference; lastKnownFileType = text.plist.strings; name = en; path = en.lproj/InfoPlist.strings; sourceTree = "<group>"; };
		27A22884198684F800B7709D /* Github_RequestTests.m */ = {isa = PBXFileReference; lastKnownFileType = sourcecode.c.objc; path = Github_RequestTests.m; sourceTree = "<group>"; };
		27A2288E1986857800B7709D /* GRAGithubRequest.h */ = {isa = PBXFileReference; fileEncoding = 4; lastKnownFileType = sourcecode.c.h; path = GRAGithubRequest.h; sourceTree = "<group>"; };
		27A2288F1986857800B7709D /* GRAGithubRequest.m */ = {isa = PBXFileReference; fileEncoding = 4; lastKnownFileType = sourcecode.c.objc; path = GRAGithubRequest.m; sourceTree = "<group>"; };
/* End PBXFileReference section */

/* Begin PBXFrameworksBuildPhase section */
		27A22859198684F800B7709D /* Frameworks */ = {
			isa = PBXFrameworksBuildPhase;
			buildActionMask = 2147483647;
			files = (
				27A22862198684F800B7709D /* CoreGraphics.framework in Frameworks */,
				27A22864198684F800B7709D /* UIKit.framework in Frameworks */,
				27A22860198684F800B7709D /* Foundation.framework in Frameworks */,
			);
			runOnlyForDeploymentPostprocessing = 0;
		};
		27A22874198684F800B7709D /* Frameworks */ = {
			isa = PBXFrameworksBuildPhase;
			buildActionMask = 2147483647;
			files = (
				27A22879198684F800B7709D /* XCTest.framework in Frameworks */,
				27A2287B198684F800B7709D /* UIKit.framework in Frameworks */,
				27A2287A198684F800B7709D /* Foundation.framework in Frameworks */,
			);
			runOnlyForDeploymentPostprocessing = 0;
		};
/* End PBXFrameworksBuildPhase section */

/* Begin PBXGroup section */
		27A22853198684F800B7709D = {
			isa = PBXGroup;
			children = (
				27A2288E1986857800B7709D /* GRAGithubRequest.h */,
				27A2288F1986857800B7709D /* GRAGithubRequest.m */,
				27A22865198684F800B7709D /* Github Request */,
				27A2287E198684F800B7709D /* Github RequestTests */,
				27A2285E198684F800B7709D /* Frameworks */,
				27A2285D198684F800B7709D /* Products */,
			);
			sourceTree = "<group>";
		};
		27A2285D198684F800B7709D /* Products */ = {
			isa = PBXGroup;
			children = (
				27A2285C198684F800B7709D /* Github Request.app */,
				27A22877198684F800B7709D /* Github RequestTests.xctest */,
			);
			name = Products;
			sourceTree = "<group>";
		};
		27A2285E198684F800B7709D /* Frameworks */ = {
			isa = PBXGroup;
			children = (
				27A2285F198684F800B7709D /* Foundation.framework */,
				27A22861198684F800B7709D /* CoreGraphics.framework */,
				27A22863198684F800B7709D /* UIKit.framework */,
				27A22878198684F800B7709D /* XCTest.framework */,
			);
			name = Frameworks;
			sourceTree = "<group>";
		};
		27A22865198684F800B7709D /* Github Request */ = {
			isa = PBXGroup;
			children = (
				27A2286E198684F800B7709D /* GRAAppDelegate.h */,
				27A2286F198684F800B7709D /* GRAAppDelegate.m */,
				27A22871198684F800B7709D /* Images.xcassets */,
				27A22866198684F800B7709D /* Supporting Files */,
			);
			path = "Github Request";
			sourceTree = "<group>";
		};
		27A22866198684F800B7709D /* Supporting Files */ = {
			isa = PBXGroup;
			children = (
				27A22867198684F800B7709D /* Github Request-Info.plist */,
				27A22868198684F800B7709D /* InfoPlist.strings */,
				27A2286B198684F800B7709D /* main.m */,
				27A2286D198684F800B7709D /* Github Request-Prefix.pch */,
			);
			name = "Supporting Files";
			sourceTree = "<group>";
		};
		27A2287E198684F800B7709D /* Github RequestTests */ = {
			isa = PBXGroup;
			children = (
				27A22884198684F800B7709D /* Github_RequestTests.m */,
				27A2287F198684F800B7709D /* Supporting Files */,
			);
			path = "Github RequestTests";
			sourceTree = "<group>";
		};
		27A2287F198684F800B7709D /* Supporting Files */ = {
			isa = PBXGroup;
			children = (
				27A22880198684F800B7709D /* Github RequestTests-Info.plist */,
				27A22881198684F800B7709D /* InfoPlist.strings */,
			);
			name = "Supporting Files";
			sourceTree = "<group>";
		};
/* End PBXGroup section */

/* Begin PBXNativeTarget section */
		27A2285B198684F800B7709D /* Github Request */ = {
			isa = PBXNativeTarget;
			buildConfigurationList = 27A22888198684F800B7709D /* Build configuration list for PBXNativeTarget "Github Request" */;
			buildPhases = (
				27A22858198684F800B7709D /* Sources */,
				27A22859198684F800B7709D /* Frameworks */,
				27A2285A198684F800B7709D /* Resources */,
			);
			buildRules = (
			);
			dependencies = (
			);
			name = "Github Request";
			productName = "Github Request";
			productReference = 27A2285C198684F800B7709D /* Github Request.app */;
			productType = "com.apple.product-type.application";
		};
		27A22876198684F800B7709D /* Github RequestTests */ = {
			isa = PBXNativeTarget;
			buildConfigurationList = 27A2288B198684F800B7709D /* Build configuration list for PBXNativeTarget "Github RequestTests" */;
			buildPhases = (
				27A22873198684F800B7709D /* Sources */,
				27A22874198684F800B7709D /* Frameworks */,
				27A22875198684F800B7709D /* Resources */,
			);
			buildRules = (
			);
			dependencies = (
				27A2287D198684F800B7709D /* PBXTargetDependency */,
			);
			name = "Github RequestTests";
			productName = "Github RequestTests";
			productReference = 27A22877198684F800B7709D /* Github RequestTests.xctest */;
			productType = "com.apple.product-type.bundle.unit-test";
		};
/* End PBXNativeTarget section */

/* Begin PBXProject section */
		27A22854198684F800B7709D /* Project object */ = {
			isa = PBXProject;
			attributes = {
				CLASSPREFIX = GRA;
				LastUpgradeCheck = 0510;
				ORGANIZATIONNAME = "Katlyn Schwaebe";
				TargetAttributes = {
					27A22876198684F800B7709D = {
						TestTargetID = 27A2285B198684F800B7709D;
					};
				};
			};
			buildConfigurationList = 27A22857198684F800B7709D /* Build configuration list for PBXProject "Github Request" */;
			compatibilityVersion = "Xcode 3.2";
			developmentRegion = English;
			hasScannedForEncodings = 0;
			knownRegions = (
				en,
			);
			mainGroup = 27A22853198684F800B7709D;
			productRefGroup = 27A2285D198684F800B7709D /* Products */;
			projectDirPath = "";
			projectRoot = "";
			targets = (
				27A2285B198684F800B7709D /* Github Request */,
				27A22876198684F800B7709D /* Github RequestTests */,
			);
		};
/* End PBXProject section */

/* Begin PBXResourcesBuildPhase section */
		27A2285A198684F800B7709D /* Resources */ = {
			isa = PBXResourcesBuildPhase;
			buildActionMask = 2147483647;
			files = (
				27A2286A198684F800B7709D /* InfoPlist.strings in Resources */,
				27A22872198684F800B7709D /* Images.xcassets in Resources */,
			);
			runOnlyForDeploymentPostprocessing = 0;
		};
		27A22875198684F800B7709D /* Resources */ = {
			isa = PBXResourcesBuildPhase;
			buildActionMask = 2147483647;
			files = (
				27A22883198684F800B7709D /* InfoPlist.strings in Resources */,
			);
			runOnlyForDeploymentPostprocessing = 0;
		};
/* End PBXResourcesBuildPhase section */

/* Begin PBXSourcesBuildPhase section */
		27A22858198684F800B7709D /* Sources */ = {
			isa = PBXSourcesBuildPhase;
			buildActionMask = 2147483647;
			files = (
				27A2286C198684F800B7709D /* main.m in Sources */,
				27A22870198684F800B7709D /* GRAAppDelegate.m in Sources */,
				27A228901986857800B7709D /* GRAGithubRequest.m in Sources */,
			);
			runOnlyForDeploymentPostprocessing = 0;
		};
		27A22873198684F800B7709D /* Sources */ = {
			isa = PBXSourcesBuildPhase;
			buildActionMask = 2147483647;
			files = (
				27A22885198684F800B7709D /* Github_RequestTests.m in Sources */,
			);
			runOnlyForDeploymentPostprocessing = 0;
		};
/* End PBXSourcesBuildPhase section */

/* Begin PBXTargetDependency section */
		27A2287D198684F800B7709D /* PBXTargetDependency */ = {
			isa = PBXTargetDependency;
			target = 27A2285B198684F800B7709D /* Github Request */;
			targetProxy = 27A2287C198684F800B7709D /* PBXContainerItemProxy */;
		};
/* End PBXTargetDependency section */

/* Begin PBXVariantGroup section */
		27A22868198684F800B7709D /* InfoPlist.strings */ = {
			isa = PBXVariantGroup;
			children = (
				27A22869198684F800B7709D /* en */,
			);
			name = InfoPlist.strings;
			sourceTree = "<group>";
		};
		27A22881198684F800B7709D /* InfoPlist.strings */ = {
			isa = PBXVariantGroup;
			children = (
				27A22882198684F800B7709D /* en */,
			);
			name = InfoPlist.strings;
			sourceTree = "<group>";
		};
/* End PBXVariantGroup section */

/* Begin XCBuildConfiguration section */
		27A22886198684F800B7709D /* Debug */ = {
			isa = XCBuildConfiguration;
			buildSettings = {
				ALWAYS_SEARCH_USER_PATHS = NO;
				CLANG_CXX_LANGUAGE_STANDARD = "gnu++0x";
				CLANG_CXX_LIBRARY = "libc++";
				CLANG_ENABLE_MODULES = YES;
				CLANG_ENABLE_OBJC_ARC = YES;
				CLANG_WARN_BOOL_CONVERSION = YES;
				CLANG_WARN_CONSTANT_CONVERSION = YES;
				CLANG_WARN_DIRECT_OBJC_ISA_USAGE = YES_ERROR;
				CLANG_WARN_EMPTY_BODY = YES;
				CLANG_WARN_ENUM_CONVERSION = YES;
				CLANG_WARN_INT_CONVERSION = YES;
				CLANG_WARN_OBJC_ROOT_CLASS = YES_ERROR;
				CLANG_WARN__DUPLICATE_METHOD_MATCH = YES;
				"CODE_SIGN_IDENTITY[sdk=iphoneos*]" = "iPhone Developer";
				COPY_PHASE_STRIP = NO;
				GCC_C_LANGUAGE_STANDARD = gnu99;
				GCC_DYNAMIC_NO_PIC = NO;
				GCC_OPTIMIZATION_LEVEL = 0;
				GCC_PREPROCESSOR_DEFINITIONS = (
					"DEBUG=1",
					"$(inherited)",
				);
				GCC_SYMBOLS_PRIVATE_EXTERN = NO;
				GCC_WARN_64_TO_32_BIT_CONVERSION = YES;
				GCC_WARN_ABOUT_RETURN_TYPE = YES_ERROR;
				GCC_WARN_UNDECLARED_SELECTOR = YES;
				GCC_WARN_UNINITIALIZED_AUTOS = YES_AGGRESSIVE;
				GCC_WARN_UNUSED_FUNCTION = YES;
				GCC_WARN_UNUSED_VARIABLE = YES;
				IPHONEOS_DEPLOYMENT_TARGET = 7.1;
				ONLY_ACTIVE_ARCH = YES;
				SDKROOT = iphoneos;
			};
			name = Debug;
		};
		27A22887198684F800B7709D /* Release */ = {
			isa = XCBuildConfiguration;
			buildSettings = {
				ALWAYS_SEARCH_USER_PATHS = NO;
				CLANG_CXX_LANGUAGE_STANDARD = "gnu++0x";
				CLANG_CXX_LIBRARY = "libc++";
				CLANG_ENABLE_MODULES = YES;
				CLANG_ENABLE_OBJC_ARC = YES;
				CLANG_WARN_BOOL_CONVERSION = YES;
				CLANG_WARN_CONSTANT_CONVERSION = YES;
				CLANG_WARN_DIRECT_OBJC_ISA_USAGE = YES_ERROR;
				CLANG_WARN_EMPTY_BODY = YES;
				CLANG_WARN_ENUM_CONVERSION = YES;
				CLANG_WARN_INT_CONVERSION = YES;
				CLANG_WARN_OBJC_ROOT_CLASS = YES_ERROR;
				CLANG_WARN__DUPLICATE_METHOD_MATCH = YES;
				"CODE_SIGN_IDENTITY[sdk=iphoneos*]" = "iPhone Developer";
				COPY_PHASE_STRIP = YES;
				ENABLE_NS_ASSERTIONS = NO;
				GCC_C_LANGUAGE_STANDARD = gnu99;
				GCC_WARN_64_TO_32_BIT_CONVERSION = YES;
				GCC_WARN_ABOUT_RETURN_TYPE = YES_ERROR;
				GCC_WARN_UNDECLARED_SELECTOR = YES;
				GCC_WARN_UNINITIALIZED_AUTOS = YES_AGGRESSIVE;
				GCC_WARN_UNUSED_FUNCTION = YES;
				GCC_WARN_UNUSED_VARIABLE = YES;
				IPHONEOS_DEPLOYMENT_TARGET = 7.1;
				SDKROOT = iphoneos;
				VALIDATE_PRODUCT = YES;
			};
			name = Release;
		};
		27A22889198684F800B7709D /* Debug */ = {
			isa = XCBuildConfiguration;
			buildSettings = {
				ASSETCATALOG_COMPILER_APPICON_NAME = AppIcon;
				ASSETCATALOG_COMPILER_LAUNCHIMAGE_NAME = LaunchImage;
				GCC_PRECOMPILE_PREFIX_HEADER = YES;
				GCC_PREFIX_HEADER = "Github Request/Github Request-Prefix.pch";
				INFOPLIST_FILE = "Github Request/Github Request-Info.plist";
				PRODUCT_NAME = "$(TARGET_NAME)";
				WRAPPER_EXTENSION = app;
			};
			name = Debug;
		};
		27A2288A198684F800B7709D /* Release */ = {
			isa = XCBuildConfiguration;
			buildSettings = {
				ASSETCATALOG_COMPILER_APPICON_NAME = AppIcon;
				ASSETCATALOG_COMPILER_LAUNCHIMAGE_NAME = LaunchImage;
				GCC_PRECOMPILE_PREFIX_HEADER = YES;
				GCC_PREFIX_HEADER = "Github Request/Github Request-Prefix.pch";
				INFOPLIST_FILE = "Github Request/Github Request-Info.plist";
				PRODUCT_NAME = "$(TARGET_NAME)";
				WRAPPER_EXTENSION = app;
			};
			name = Release;
		};
		27A2288C198684F800B7709D /* Debug */ = {
			isa = XCBuildConfiguration;
			buildSettings = {
				BUNDLE_LOADER = "$(BUILT_PRODUCTS_DIR)/Github Request.app/Github Request";
				FRAMEWORK_SEARCH_PATHS = (
					"$(SDKROOT)/Developer/Library/Frameworks",
					"$(inherited)",
					"$(DEVELOPER_FRAMEWORKS_DIR)",
				);
				GCC_PRECOMPILE_PREFIX_HEADER = YES;
				GCC_PREFIX_HEADER = "Github Request/Github Request-Prefix.pch";
				GCC_PREPROCESSOR_DEFINITIONS = (
					"DEBUG=1",
					"$(inherited)",
				);
				INFOPLIST_FILE = "Github RequestTests/Github RequestTests-Info.plist";
				PRODUCT_NAME = "$(TARGET_NAME)";
				TEST_HOST = "$(BUNDLE_LOADER)";
				WRAPPER_EXTENSION = xctest;
			};
			name = Debug;
		};
		27A2288D198684F800B7709D /* Release */ = {
			isa = XCBuildConfiguration;
			buildSettings = {
				BUNDLE_LOADER = "$(BUILT_PRODUCTS_DIR)/Github Request.app/Github Request";
				FRAMEWORK_SEARCH_PATHS = (
					"$(SDKROOT)/Developer/Library/Frameworks",
					"$(inherited)",
					"$(DEVELOPER_FRAMEWORKS_DIR)",
				);
				GCC_PRECOMPILE_PREFIX_HEADER = YES;
				GCC_PREFIX_HEADER = "Github Request/Github Request-Prefix.pch";
				INFOPLIST_FILE = "Github RequestTests/Github RequestTests-Info.plist";
				PRODUCT_NAME = "$(TARGET_NAME)";
				TEST_HOST = "$(BUNDLE_LOADER)";
				WRAPPER_EXTENSION = xctest;
			};
			name = Release;
		};
/* End XCBuildConfiguration section */

/* Begin XCConfigurationList section */
		27A22857198684F800B7709D /* Build configuration list for PBXProject "Github Request" */ = {
			isa = XCConfigurationList;
			buildConfigurations = (
				27A22886198684F800B7709D /* Debug */,
				27A22887198684F800B7709D /* Release */,
			);
			defaultConfigurationIsVisible = 0;
			defaultConfigurationName = Release;
		};
		27A22888198684F800B7709D /* Build configuration list for PBXNativeTarget "Github Request" */ = {
			isa = XCConfigurationList;
			buildConfigurations = (
				27A22889198684F800B7709D /* Debug */,
				27A2288A198684F800B7709D /* Release */,
			);
			defaultConfigurationIsVisible = 0;
		};
		27A2288B198684F800B7709D /* Build configuration list for PBXNativeTarget "Github RequestTests" */ = {
			isa = XCConfigurationList;
			buildConfigurations = (
				27A2288C198684F800B7709D /* Debug */,
				27A2288D198684F800B7709D /* Release */,
			);
			defaultConfigurationIsVisible = 0;
		};
/* End XCConfigurationList section */
	};
	rootObject = 27A22854198684F800B7709D /* Project object */;
}
